// !$*UTF8*$!
{
	archiveVersion = 1;
	classes = {
	};
	objectVersion = 51;
	objects = {

/* Begin PBXBuildFile section */
		164CBD248EBAF1E4F19C2016 /* Pods_ProjectTests.framework in Frameworks */ = {isa = PBXBuildFile; fileRef = DAB0C83AA973113BF98AA7A7 /* Pods_ProjectTests.framework */; };
		47733E12FDE03CD8898864F7 /* Pods_Project.framework in Frameworks */ = {isa = PBXBuildFile; fileRef = DC896379ED4D2F97634C6670 /* Pods_Project.framework */; };
		711267472357C4840028C78D /* Optional+Unwrap.swift in Sources */ = {isa = PBXBuildFile; fileRef = 711267462357C4840028C78D /* Optional+Unwrap.swift */; };
		71239F8723FEAF680075A3BA /* DataItemProvider.swift in Sources */ = {isa = PBXBuildFile; fileRef = 71239F8623FEAF680075A3BA /* DataItemProvider.swift */; };
		712CF8AF23FADBCF00B99E1A /* GoogleService-Info.plist in Resources */ = {isa = PBXBuildFile; fileRef = 712CF8AE23FADBCF00B99E1A /* GoogleService-Info.plist */; };
		7139CA37237B28F900592E70 /* ADActivitySpinner.swift in Sources */ = {isa = PBXBuildFile; fileRef = 7139CA36237B28F900592E70 /* ADActivitySpinner.swift */; };
		714660D222C24996006E3ADE /* AnalyticsTests.swift in Sources */ = {isa = PBXBuildFile; fileRef = 714660D122C24996006E3ADE /* AnalyticsTests.swift */; };
		714660D522C25D79006E3ADE /* SF-Pro-Text-Regular.otf in Resources */ = {isa = PBXBuildFile; fileRef = 714660D422C25D79006E3ADE /* SF-Pro-Text-Regular.otf */; };
		714660D622C25D79006E3ADE /* SF-Pro-Text-Regular.otf in Resources */ = {isa = PBXBuildFile; fileRef = 714660D422C25D79006E3ADE /* SF-Pro-Text-Regular.otf */; };
		714B20FA230EE54C00F016F4 /* APIRequestUser.swift in Sources */ = {isa = PBXBuildFile; fileRef = AA6854D922C2409000C58B53 /* APIRequestUser.swift */; };
		714B20FB230EE55B00F016F4 /* User.swift in Sources */ = {isa = PBXBuildFile; fileRef = AA6854DE22C3C99600C58B53 /* User.swift */; };
		714B20FF230EF40E00F016F4 /* CreditCardTests.swift in Sources */ = {isa = PBXBuildFile; fileRef = 714B20FE230EF40E00F016F4 /* CreditCardTests.swift */; };
		714B210F230EFA1100F016F4 /* Date+Extensions.swift in Sources */ = {isa = PBXBuildFile; fileRef = AAFB7F4A22F08E3500C7A822 /* Date+Extensions.swift */; };
		714B2118230EFA5300F016F4 /* Defaults.swift in Sources */ = {isa = PBXBuildFile; fileRef = AA12A3B322C5F24D00F157DD /* Defaults.swift */; };
		714B2123230EFAA400F016F4 /* Notification+Names.swift in Sources */ = {isa = PBXBuildFile; fileRef = 71B1E1EE22E8778C006211BA /* Notification+Names.swift */; };
		714B2150230EFD2B00F016F4 /* PaymentTests.swift in Sources */ = {isa = PBXBuildFile; fileRef = 714B214F230EFD2B00F016F4 /* PaymentTests.swift */; };
		714F4AA122CCEF8F00FCF1A2 /* SF-Pro-Display-Semibold.otf in Resources */ = {isa = PBXBuildFile; fileRef = 714F4AA022CCEF8F00FCF1A2 /* SF-Pro-Display-Semibold.otf */; };
		714F4AB322CE2D4A00FCF1A2 /* SF-Pro-Display-Bold.otf in Resources */ = {isa = PBXBuildFile; fileRef = 714F4AAC22CD00D600FCF1A2 /* SF-Pro-Display-Bold.otf */; };
		714F4AB422CE2D4A00FCF1A2 /* SF-Pro-Display-Bold.otf in Resources */ = {isa = PBXBuildFile; fileRef = 714F4AAC22CD00D600FCF1A2 /* SF-Pro-Display-Bold.otf */; };
		714F4AB522CE2D4D00FCF1A2 /* SF-Pro-Display-Semibold.otf in Resources */ = {isa = PBXBuildFile; fileRef = 714F4AA022CCEF8F00FCF1A2 /* SF-Pro-Display-Semibold.otf */; };
		71678DB323FDA75A000E93A5 /* ShopViewModel.swift in Sources */ = {isa = PBXBuildFile; fileRef = 71678DB223FDA75A000E93A5 /* ShopViewModel.swift */; };
		716AAEBC22BCCE6100959396 /* CoreDataViewModel.swift in Sources */ = {isa = PBXBuildFile; fileRef = 71CDBC1122BA4B29002CEB79 /* CoreDataViewModel.swift */; };
		718CDDE922A6793900C07C0E /* AppDelegate.swift in Sources */ = {isa = PBXBuildFile; fileRef = 718CDDE822A6793900C07C0E /* AppDelegate.swift */; };
		718CDDEB22A6793900C07C0E /* HomeViewController.swift in Sources */ = {isa = PBXBuildFile; fileRef = 718CDDEA22A6793900C07C0E /* HomeViewController.swift */; };
		718CDDF022A6793900C07C0E /* Main.storyboard in Resources */ = {isa = PBXBuildFile; fileRef = 718CDDEE22A6793900C07C0E /* Main.storyboard */; };
		718CDDF222A6793A00C07C0E /* Assets.xcassets in Resources */ = {isa = PBXBuildFile; fileRef = 718CDDF122A6793A00C07C0E /* Assets.xcassets */; };
		718CDDF522A6793A00C07C0E /* LaunchScreen.storyboard in Resources */ = {isa = PBXBuildFile; fileRef = 718CDDF322A6793A00C07C0E /* LaunchScreen.storyboard */; };
		718CDE0022A6793A00C07C0E /* ProjectTests.swift in Sources */ = {isa = PBXBuildFile; fileRef = 718CDDFF22A6793A00C07C0E /* ProjectTests.swift */; };
		718CDE1D22A6B24B00C07C0E /* API.swift in Sources */ = {isa = PBXBuildFile; fileRef = 718CDE1C22A6B24B00C07C0E /* API.swift */; };
		718CDE2122A6B30000C07C0E /* APIRequest.swift in Sources */ = {isa = PBXBuildFile; fileRef = 718CDE1E22A6B30000C07C0E /* APIRequest.swift */; };
		718CDE2222A6B30000C07C0E /* APIErrorResponse.swift in Sources */ = {isa = PBXBuildFile; fileRef = 718CDE1F22A6B30000C07C0E /* APIErrorResponse.swift */; };
		718CDE2822A6B67B00C07C0E /* Store.swift in Sources */ = {isa = PBXBuildFile; fileRef = 718CDE2622A6B67B00C07C0E /* Store.swift */; };
		718CDE2E22A6B75200C07C0E /* Store+Selectors.swift in Sources */ = {isa = PBXBuildFile; fileRef = 718CDE2A22A6B75200C07C0E /* Store+Selectors.swift */; };
		718CDE3122A6B75200C07C0E /* AppState.swift in Sources */ = {isa = PBXBuildFile; fileRef = 718CDE2D22A6B75200C07C0E /* AppState.swift */; };
		718CDE3722A6BD0100C07C0E /* AppState.swift in Sources */ = {isa = PBXBuildFile; fileRef = 718CDE2D22A6B75200C07C0E /* AppState.swift */; };
		718CDE3A22A6BD0100C07C0E /* Store+Selectors.swift in Sources */ = {isa = PBXBuildFile; fileRef = 718CDE2A22A6B75200C07C0E /* Store+Selectors.swift */; };
		718CDE3B22A6BD0100C07C0E /* Store.swift in Sources */ = {isa = PBXBuildFile; fileRef = 718CDE2622A6B67B00C07C0E /* Store.swift */; };
		718CDE4022A6BD0100C07C0E /* APIRequest.swift in Sources */ = {isa = PBXBuildFile; fileRef = 718CDE1E22A6B30000C07C0E /* APIRequest.swift */; };
		718CDE4122A6BD0100C07C0E /* APIErrorResponse.swift in Sources */ = {isa = PBXBuildFile; fileRef = 718CDE1F22A6B30000C07C0E /* APIErrorResponse.swift */; };
		718CDE4222A6BD0100C07C0E /* API.swift in Sources */ = {isa = PBXBuildFile; fileRef = 718CDE1C22A6B24B00C07C0E /* API.swift */; };
		718CDE5622A6D27400C07C0E /* APIAuthTests.swift in Sources */ = {isa = PBXBuildFile; fileRef = 718CDE5522A6D27400C07C0E /* APIAuthTests.swift */; };
		718CDE5A22A6D5BA00C07C0E /* ViewModel.swift in Sources */ = {isa = PBXBuildFile; fileRef = 718CDE5122A6CE4C00C07C0E /* ViewModel.swift */; };
		718CDE5B22A6D5BA00C07C0E /* ViewModel.swift in Sources */ = {isa = PBXBuildFile; fileRef = 718CDE5122A6CE4C00C07C0E /* ViewModel.swift */; };
		718CDE5F22A6D7C300C07C0E /* AuthViewModel.swift in Sources */ = {isa = PBXBuildFile; fileRef = 718CDE5E22A6D7C300C07C0E /* AuthViewModel.swift */; };
		718CDE6022A6D7C300C07C0E /* AuthViewModel.swift in Sources */ = {isa = PBXBuildFile; fileRef = 718CDE5E22A6D7C300C07C0E /* AuthViewModel.swift */; };
		718CDE6622A6DF3600C07C0E /* DateFormatter+Extensions.swift in Sources */ = {isa = PBXBuildFile; fileRef = 718CDE6522A6DF3600C07C0E /* DateFormatter+Extensions.swift */; };
		718CDE6722A6DF3600C07C0E /* DateFormatter+Extensions.swift in Sources */ = {isa = PBXBuildFile; fileRef = 718CDE6522A6DF3600C07C0E /* DateFormatter+Extensions.swift */; };
		718CDE7622A7D3D900C07C0E /* ADTestCase.swift in Sources */ = {isa = PBXBuildFile; fileRef = 718CDE7522A7D3D900C07C0E /* ADTestCase.swift */; };
		718CDE7822A7D4B500C07C0E /* APIVenueTests.swift in Sources */ = {isa = PBXBuildFile; fileRef = 718CDE7722A7D4B500C07C0E /* APIVenueTests.swift */; };
		718CDE8122A8299100C07C0E /* ADPersistentContainer.swift in Sources */ = {isa = PBXBuildFile; fileRef = 718CDE8022A8299100C07C0E /* ADPersistentContainer.swift */; };
		718CDE8222A8299100C07C0E /* ADPersistentContainer.swift in Sources */ = {isa = PBXBuildFile; fileRef = 718CDE8022A8299100C07C0E /* ADPersistentContainer.swift */; };
		718CDE8722A829E000C07C0E /* ADModel.xcdatamodeld in Sources */ = {isa = PBXBuildFile; fileRef = 718CDE8522A829E000C07C0E /* ADModel.xcdatamodeld */; };
		718CDE8822A829E000C07C0E /* ADModel.xcdatamodeld in Sources */ = {isa = PBXBuildFile; fileRef = 718CDE8522A829E000C07C0E /* ADModel.xcdatamodeld */; };
		718CEDBA22AECEE5005CB60E /* APIRequestShop.swift in Sources */ = {isa = PBXBuildFile; fileRef = 71A854A722AAB72D00DD8374 /* APIRequestShop.swift */; };
		718CEDBC22AECF08005CB60E /* APIRequestAuth.swift in Sources */ = {isa = PBXBuildFile; fileRef = 71A854A922AAB86B00DD8374 /* APIRequestAuth.swift */; };
		718CEDC122B2DA0B005CB60E /* HomeHorizontalCollectionCellLarge.swift in Sources */ = {isa = PBXBuildFile; fileRef = 718CEDBF22B2DA0B005CB60E /* HomeHorizontalCollectionCellLarge.swift */; };
		718CEDC322B2DA0B005CB60E /* HomeHorizontalCollectionCellLarge.xib in Resources */ = {isa = PBXBuildFile; fileRef = 718CEDC022B2DA0B005CB60E /* HomeHorizontalCollectionCellLarge.xib */; };
		718CEDCD22B2DF1E005CB60E /* HomeHorizontalCellLarge.swift in Sources */ = {isa = PBXBuildFile; fileRef = 718CEDCB22B2DF1E005CB60E /* HomeHorizontalCellLarge.swift */; };
		718CEDCF22B2DF1E005CB60E /* HomeHorizontalCellLarge.xib in Resources */ = {isa = PBXBuildFile; fileRef = 718CEDCC22B2DF1E005CB60E /* HomeHorizontalCellLarge.xib */; };
		719737A72363526D00A57225 /* CDUpdateMonitor.swift in Sources */ = {isa = PBXBuildFile; fileRef = 719737A62363526D00A57225 /* CDUpdateMonitor.swift */; };
		719737A9236760CF00A57225 /* SignOutCell.swift in Sources */ = {isa = PBXBuildFile; fileRef = 719737A8236760CF00A57225 /* SignOutCell.swift */; };
		71A854A822AAB72D00DD8374 /* APIRequestShop.swift in Sources */ = {isa = PBXBuildFile; fileRef = 71A854A722AAB72D00DD8374 /* APIRequestShop.swift */; };
		71A854AA22AAB86B00DD8374 /* APIRequestAuth.swift in Sources */ = {isa = PBXBuildFile; fileRef = 71A854A922AAB86B00DD8374 /* APIRequestAuth.swift */; };
		71AED14622A91D3200A51BEB /* Shop+CoreDataClass.swift in Sources */ = {isa = PBXBuildFile; fileRef = 71AED14422A91D3200A51BEB /* Shop+CoreDataClass.swift */; };
		71AED14922A9266000A51BEB /* AD+CodingUserInfoKey.swift in Sources */ = {isa = PBXBuildFile; fileRef = 71AED14822A9266000A51BEB /* AD+CodingUserInfoKey.swift */; };
		71AED14A22A927BB00A51BEB /* Shop+CoreDataClass.swift in Sources */ = {isa = PBXBuildFile; fileRef = 71AED14422A91D3200A51BEB /* Shop+CoreDataClass.swift */; };
		71AED14E22A928B000A51BEB /* AD+CodingUserInfoKey.swift in Sources */ = {isa = PBXBuildFile; fileRef = 71AED14822A9266000A51BEB /* AD+CodingUserInfoKey.swift */; };
		71AED15922A92CCE00A51BEB /* ADApi.swift in Sources */ = {isa = PBXBuildFile; fileRef = 71AED15822A92CCE00A51BEB /* ADApi.swift */; };
		71AED15A22A92CE400A51BEB /* ADApi.swift in Sources */ = {isa = PBXBuildFile; fileRef = 71AED15822A92CCE00A51BEB /* ADApi.swift */; };
		71AED15E22A92DCB00A51BEB /* AuthRootViewController.swift in Sources */ = {isa = PBXBuildFile; fileRef = 71AED15D22A92DCB00A51BEB /* AuthRootViewController.swift */; };
		71AED16022A92DE800A51BEB /* Auth.storyboard in Resources */ = {isa = PBXBuildFile; fileRef = 71AED15F22A92DE800A51BEB /* Auth.storyboard */; };
		71AED16222A934B100A51BEB /* Root.storyboard in Resources */ = {isa = PBXBuildFile; fileRef = 71AED16122A934B100A51BEB /* Root.storyboard */; };
		71AED16522A9357000A51BEB /* RootViewController.swift in Sources */ = {isa = PBXBuildFile; fileRef = 71AED16422A9357000A51BEB /* RootViewController.swift */; };
		71B0980522B7A09800502AEC /* Profile.storyboard in Resources */ = {isa = PBXBuildFile; fileRef = 71B0980422B7A09800502AEC /* Profile.storyboard */; };
		71B0981122B7B1F000502AEC /* Home.storyboard in Resources */ = {isa = PBXBuildFile; fileRef = 71B0981022B7B1F000502AEC /* Home.storyboard */; };
		71B0981722B7D0B900502AEC /* HomeHorizontalCellSmall.xib in Resources */ = {isa = PBXBuildFile; fileRef = 71B0981622B7D0B900502AEC /* HomeHorizontalCellSmall.xib */; };
		71B0981922B7D5FC00502AEC /* HomeHorizontalCellSmall.swift in Sources */ = {isa = PBXBuildFile; fileRef = 71B0981822B7D5FC00502AEC /* HomeHorizontalCellSmall.swift */; };
		71B0981D22B7EA2700502AEC /* HomeHorizontalCollectionCellSmall.swift in Sources */ = {isa = PBXBuildFile; fileRef = 71B0981B22B7EA2700502AEC /* HomeHorizontalCollectionCellSmall.swift */; };
		71B0981F22B7EA2700502AEC /* HomeHorizontalCollectionCellSmall.xib in Resources */ = {isa = PBXBuildFile; fileRef = 71B0981C22B7EA2700502AEC /* HomeHorizontalCollectionCellSmall.xib */; };
		71B0982222B9112700502AEC /* RawImage.swift in Sources */ = {isa = PBXBuildFile; fileRef = 71B0982122B9112700502AEC /* RawImage.swift */; };
		71B0982322B9112700502AEC /* RawImage.swift in Sources */ = {isa = PBXBuildFile; fileRef = 71B0982122B9112700502AEC /* RawImage.swift */; };
		71B1E1EF22E8778C006211BA /* Notification+Names.swift in Sources */ = {isa = PBXBuildFile; fileRef = 71B1E1EE22E8778C006211BA /* Notification+Names.swift */; };
		71B1E20B22EB153D006211BA /* UIViewController+Overlays.swift in Sources */ = {isa = PBXBuildFile; fileRef = 71B1E20A22EB153D006211BA /* UIViewController+Overlays.swift */; };
		71B7D38222B2E062000C777E /* SF-Pro-Text-Semibold.otf in Resources */ = {isa = PBXBuildFile; fileRef = 71B7D38122B2E062000C777E /* SF-Pro-Text-Semibold.otf */; };
		71B7D38322B2E062000C777E /* SF-Pro-Text-Semibold.otf in Resources */ = {isa = PBXBuildFile; fileRef = 71B7D38122B2E062000C777E /* SF-Pro-Text-Semibold.otf */; };
		71B7D38522B2E081000C777E /* SF-Pro-Text-Medium.otf in Resources */ = {isa = PBXBuildFile; fileRef = 71B7D38422B2E081000C777E /* SF-Pro-Text-Medium.otf */; };
		71B7D38622B2E081000C777E /* SF-Pro-Text-Medium.otf in Resources */ = {isa = PBXBuildFile; fileRef = 71B7D38422B2E081000C777E /* SF-Pro-Text-Medium.otf */; };
		71B7D38822B2F309000C777E /* SF-Pro-Text-Bold.otf in Resources */ = {isa = PBXBuildFile; fileRef = 71B7D38722B2F309000C777E /* SF-Pro-Text-Bold.otf */; };
		71B7D38922B2F309000C777E /* SF-Pro-Text-Bold.otf in Resources */ = {isa = PBXBuildFile; fileRef = 71B7D38722B2F309000C777E /* SF-Pro-Text-Bold.otf */; };
		71C2A34122F099580073FAEC /* PassKit.framework in Frameworks */ = {isa = PBXBuildFile; fileRef = 71C2A34022F099580073FAEC /* PassKit.framework */; };
		71CB765A238D7BF5002EF8E7 /* CoreDataContext+CoreDataClass.swift in Sources */ = {isa = PBXBuildFile; fileRef = 71CB7658238D7BF5002EF8E7 /* CoreDataContext+CoreDataClass.swift */; };
		71CB765D238D85C9002EF8E7 /* CoreDataContext+CoreDataClass.swift in Sources */ = {isa = PBXBuildFile; fileRef = 71CB7658238D7BF5002EF8E7 /* CoreDataContext+CoreDataClass.swift */; };
		71CB767E2391785E002EF8E7 /* EnvironmentViewController.swift in Sources */ = {isa = PBXBuildFile; fileRef = 71CB767D2391785E002EF8E7 /* EnvironmentViewController.swift */; };
		71CB7680239179E0002EF8E7 /* Environment.swift in Sources */ = {isa = PBXBuildFile; fileRef = 71CB767F239179E0002EF8E7 /* Environment.swift */; };
		71CDBC1222BA4B29002CEB79 /* CoreDataViewModel.swift in Sources */ = {isa = PBXBuildFile; fileRef = 71CDBC1122BA4B29002CEB79 /* CoreDataViewModel.swift */; };
		71D1BB40237F150600A899E8 /* Optional+Unwrap.swift in Sources */ = {isa = PBXBuildFile; fileRef = 711267462357C4840028C78D /* Optional+Unwrap.swift */; };
		71D1BB42237F152F00A899E8 /* CDUpdateMonitor.swift in Sources */ = {isa = PBXBuildFile; fileRef = 719737A62363526D00A57225 /* CDUpdateMonitor.swift */; };
		71D1BB44237F1DED00A899E8 /* DirectionsTest.swift in Sources */ = {isa = PBXBuildFile; fileRef = 71D1BB43237F1DED00A899E8 /* DirectionsTest.swift */; };
		71DE53D822FB11E100F2AAF7 /* AuthTextInputCell.swift in Sources */ = {isa = PBXBuildFile; fileRef = 71DE53D722FB11E100F2AAF7 /* AuthTextInputCell.swift */; };
		71DE53DA22FB123800F2AAF7 /* TextInputCell.swift in Sources */ = {isa = PBXBuildFile; fileRef = 71DE53D922FB123800F2AAF7 /* TextInputCell.swift */; };
		71F1EC8E231978A200D9F759 /* TicketsTests.swift in Sources */ = {isa = PBXBuildFile; fileRef = 71F1EC8C231978A200D9F759 /* TicketsTests.swift */; };
		AA0753C622D4C2510036498F /* UIStoryboard+Instantiate.swift in Sources */ = {isa = PBXBuildFile; fileRef = AA0753C522D4C2510036498F /* UIStoryboard+Instantiate.swift */; };
		AA0753E422D895D10036498F /* PreAuthViewController.swift in Sources */ = {isa = PBXBuildFile; fileRef = AA0753E322D895D10036498F /* PreAuthViewController.swift */; };
		AA12A3B422C5F24D00F157DD /* Defaults.swift in Sources */ = {isa = PBXBuildFile; fileRef = AA12A3B322C5F24D00F157DD /* Defaults.swift */; };
		AA59EBF92328CF7A00F1FF80 /* ProfileEditCell.swift in Sources */ = {isa = PBXBuildFile; fileRef = AA59EBF82328CF7A00F1FF80 /* ProfileEditCell.swift */; };
		AA6854DA22C2409000C58B53 /* APIRequestUser.swift in Sources */ = {isa = PBXBuildFile; fileRef = AA6854D922C2409000C58B53 /* APIRequestUser.swift */; };
		AA6854DF22C3C99600C58B53 /* User.swift in Sources */ = {isa = PBXBuildFile; fileRef = AA6854DE22C3C99600C58B53 /* User.swift */; };
		AA84C1D422FADE0E00E966BD /* ProfileButtonManager.swift in Sources */ = {isa = PBXBuildFile; fileRef = AA84C1D322FADE0E00E966BD /* ProfileButtonManager.swift */; };
		AA8A4F2922B919A600922C14 /* FillButton.swift in Sources */ = {isa = PBXBuildFile; fileRef = AA8A4F2822B919A600922C14 /* FillButton.swift */; };
		AA8A4F2B22B91C0A00922C14 /* BorderButton.swift in Sources */ = {isa = PBXBuildFile; fileRef = AA8A4F2A22B91C0A00922C14 /* BorderButton.swift */; };
		AA8D04A423150CA000FEB959 /* ProfileHeaderView.swift in Sources */ = {isa = PBXBuildFile; fileRef = AA8D04A323150CA000FEB959 /* ProfileHeaderView.swift */; };
		AA8D04A623150CB300FEB959 /* ProfileHeaderView.xib in Resources */ = {isa = PBXBuildFile; fileRef = AA8D04A523150CB300FEB959 /* ProfileHeaderView.xib */; };
		AA8D04A82315186600FEB959 /* ProfileTableView.swift in Sources */ = {isa = PBXBuildFile; fileRef = AA8D04A72315186600FEB959 /* ProfileTableView.swift */; };
		AAAA8525234B359A008EEC8B /* ButtonCell.swift in Sources */ = {isa = PBXBuildFile; fileRef = AAAA8523234B359A008EEC8B /* ButtonCell.swift */; };
		AAAA8526234B359A008EEC8B /* ButtonCell.xib in Resources */ = {isa = PBXBuildFile; fileRef = AAAA8524234B359A008EEC8B /* ButtonCell.xib */; };
		AACF43BA2328F35900E2DE91 /* ProfileEditHeaderView.swift in Sources */ = {isa = PBXBuildFile; fileRef = AACF43B92328F35900E2DE91 /* ProfileEditHeaderView.swift */; };
		AACF43BC2328F37400E2DE91 /* ProfileEditHeaderView.xib in Resources */ = {isa = PBXBuildFile; fileRef = AACF43BB2328F37400E2DE91 /* ProfileEditHeaderView.xib */; };
		AAFB7F4B22F08E3500C7A822 /* Date+Extensions.swift in Sources */ = {isa = PBXBuildFile; fileRef = AAFB7F4A22F08E3500C7A822 /* Date+Extensions.swift */; };
		D32EB13BD88BACA367DE1122 /* Pods_Project_ProjectUITests.framework in Frameworks */ = {isa = PBXBuildFile; fileRef = 464AB94F73926993F7B21A44 /* Pods_Project_ProjectUITests.framework */; };
/* End PBXBuildFile section */

/* Begin PBXContainerItemProxy section */
		718CDDFC22A6793A00C07C0E /* PBXContainerItemProxy */ = {
			isa = PBXContainerItemProxy;
			containerPortal = 718CDDDD22A6793900C07C0E /* Project object */;
			proxyType = 1;
			remoteGlobalIDString = 718CDDE422A6793900C07C0E;
			remoteInfo = Project;
		};
		718CDE0722A6793A00C07C0E /* PBXContainerItemProxy */ = {
			isa = PBXContainerItemProxy;
			containerPortal = 718CDDDD22A6793900C07C0E /* Project object */;
			proxyType = 1;
			remoteGlobalIDString = 718CDDE422A6793900C07C0E;
			remoteInfo = Project;
		};
/* End PBXContainerItemProxy section */

/* Begin PBXFileReference section */
		14E637EF3978D4406D6C5B54 /* Pods-Project.debug.xcconfig */ = {isa = PBXFileReference; includeInIndex = 1; lastKnownFileType = text.xcconfig; name = "Pods-Project.debug.xcconfig"; path = "Pods/Target Support Files/Pods-Project/Pods-Project.debug.xcconfig"; sourceTree = "<group>"; };
		464AB94F73926993F7B21A44 /* Pods_Project_ProjectUITests.framework */ = {isa = PBXFileReference; explicitFileType = wrapper.framework; includeInIndex = 0; path = Pods_Project_ProjectUITests.framework; sourceTree = BUILT_PRODUCTS_DIR; };
		4AAC1806F0979889CDC0225E /* Pods-ProjectTests.release.xcconfig */ = {isa = PBXFileReference; includeInIndex = 1; lastKnownFileType = text.xcconfig; name = "Pods-ProjectTests.release.xcconfig"; path = "Pods/Target Support Files/Pods-ProjectTests/Pods-ProjectTests.release.xcconfig"; sourceTree = "<group>"; };
		5C21405E74A165847ECB8926 /* Pods-Project.release.xcconfig */ = {isa = PBXFileReference; includeInIndex = 1; lastKnownFileType = text.xcconfig; name = "Pods-Project.release.xcconfig"; path = "Pods/Target Support Files/Pods-Project/Pods-Project.release.xcconfig"; sourceTree = "<group>"; };
		711267462357C4840028C78D /* Optional+Unwrap.swift */ = {isa = PBXFileReference; lastKnownFileType = sourcecode.swift; path = "Optional+Unwrap.swift"; sourceTree = "<group>"; };
		71239F8623FEAF680075A3BA /* DataItemProvider.swift */ = {isa = PBXFileReference; fileEncoding = 4; lastKnownFileType = sourcecode.swift; path = DataItemProvider.swift; sourceTree = "<group>"; };
		712CF8AE23FADBCF00B99E1A /* GoogleService-Info.plist */ = {isa = PBXFileReference; fileEncoding = 4; lastKnownFileType = text.plist.xml; path = "GoogleService-Info.plist"; sourceTree = "<group>"; };
		7139CA36237B28F900592E70 /* ADActivitySpinner.swift */ = {isa = PBXFileReference; lastKnownFileType = sourcecode.swift; path = ADActivitySpinner.swift; sourceTree = "<group>"; };
		714660D122C24996006E3ADE /* AnalyticsTests.swift */ = {isa = PBXFileReference; lastKnownFileType = sourcecode.swift; path = AnalyticsTests.swift; sourceTree = "<group>"; };
		714660D422C25D79006E3ADE /* SF-Pro-Text-Regular.otf */ = {isa = PBXFileReference; lastKnownFileType = file; path = "SF-Pro-Text-Regular.otf"; sourceTree = "<group>"; };
		714B20FE230EF40E00F016F4 /* CreditCardTests.swift */ = {isa = PBXFileReference; lastKnownFileType = sourcecode.swift; path = CreditCardTests.swift; sourceTree = "<group>"; };
		714B214F230EFD2B00F016F4 /* PaymentTests.swift */ = {isa = PBXFileReference; lastKnownFileType = sourcecode.swift; path = PaymentTests.swift; sourceTree = "<group>"; };
		714F4AA022CCEF8F00FCF1A2 /* SF-Pro-Display-Semibold.otf */ = {isa = PBXFileReference; lastKnownFileType = file; path = "SF-Pro-Display-Semibold.otf"; sourceTree = "<group>"; };
		714F4AAC22CD00D600FCF1A2 /* SF-Pro-Display-Bold.otf */ = {isa = PBXFileReference; lastKnownFileType = file; path = "SF-Pro-Display-Bold.otf"; sourceTree = "<group>"; };
		71678DB223FDA75A000E93A5 /* ShopViewModel.swift */ = {isa = PBXFileReference; fileEncoding = 4; lastKnownFileType = sourcecode.swift; path = ShopViewModel.swift; sourceTree = "<group>"; };
		718CDDE522A6793900C07C0E /* Project.app */ = {isa = PBXFileReference; explicitFileType = wrapper.application; includeInIndex = 0; path = Project.app; sourceTree = BUILT_PRODUCTS_DIR; };
		718CDDE822A6793900C07C0E /* AppDelegate.swift */ = {isa = PBXFileReference; lastKnownFileType = sourcecode.swift; path = AppDelegate.swift; sourceTree = "<group>"; };
		718CDDEA22A6793900C07C0E /* HomeViewController.swift */ = {isa = PBXFileReference; lastKnownFileType = sourcecode.swift; path = HomeViewController.swift; sourceTree = "<group>"; };
		718CDDEF22A6793900C07C0E /* Base */ = {isa = PBXFileReference; lastKnownFileType = file.storyboard; name = Base; path = Base.lproj/Main.storyboard; sourceTree = "<group>"; };
		718CDDF122A6793A00C07C0E /* Assets.xcassets */ = {isa = PBXFileReference; lastKnownFileType = folder.assetcatalog; path = Assets.xcassets; sourceTree = "<group>"; };
		718CDDF422A6793A00C07C0E /* Base */ = {isa = PBXFileReference; lastKnownFileType = file.storyboard; name = Base; path = Base.lproj/LaunchScreen.storyboard; sourceTree = "<group>"; };
		718CDDF622A6793A00C07C0E /* Info.plist */ = {isa = PBXFileReference; lastKnownFileType = text.plist.xml; path = Info.plist; sourceTree = "<group>"; };
		718CDDFB22A6793A00C07C0E /* ProjectTests.xctest */ = {isa = PBXFileReference; explicitFileType = wrapper.cfbundle; includeInIndex = 0; path = ProjectTests.xctest; sourceTree = BUILT_PRODUCTS_DIR; };
		718CDDFF22A6793A00C07C0E /* ProjectTests.swift */ = {isa = PBXFileReference; lastKnownFileType = sourcecode.swift; path = ProjectTests.swift; sourceTree = "<group>"; };
		718CDE0122A6793A00C07C0E /* Info.plist */ = {isa = PBXFileReference; lastKnownFileType = text.plist.xml; path = Info.plist; sourceTree = "<group>"; };
		718CDE0622A6793A00C07C0E /* ProjectUITests.xctest */ = {isa = PBXFileReference; explicitFileType = wrapper.cfbundle; includeInIndex = 0; path = ProjectUITests.xctest; sourceTree = BUILT_PRODUCTS_DIR; };
		718CDE0C22A6793A00C07C0E /* Info.plist */ = {isa = PBXFileReference; lastKnownFileType = text.plist.xml; path = Info.plist; sourceTree = "<group>"; };
		718CDE1C22A6B24B00C07C0E /* API.swift */ = {isa = PBXFileReference; fileEncoding = 4; lastKnownFileType = sourcecode.swift; path = API.swift; sourceTree = "<group>"; };
		718CDE1E22A6B30000C07C0E /* APIRequest.swift */ = {isa = PBXFileReference; fileEncoding = 4; lastKnownFileType = sourcecode.swift; path = APIRequest.swift; sourceTree = "<group>"; };
		718CDE1F22A6B30000C07C0E /* APIErrorResponse.swift */ = {isa = PBXFileReference; fileEncoding = 4; lastKnownFileType = sourcecode.swift; path = APIErrorResponse.swift; sourceTree = "<group>"; };
		718CDE2622A6B67B00C07C0E /* Store.swift */ = {isa = PBXFileReference; fileEncoding = 4; lastKnownFileType = sourcecode.swift; path = Store.swift; sourceTree = "<group>"; };
		718CDE2A22A6B75200C07C0E /* Store+Selectors.swift */ = {isa = PBXFileReference; fileEncoding = 4; lastKnownFileType = sourcecode.swift; path = "Store+Selectors.swift"; sourceTree = "<group>"; };
		718CDE2D22A6B75200C07C0E /* AppState.swift */ = {isa = PBXFileReference; fileEncoding = 4; lastKnownFileType = sourcecode.swift; path = AppState.swift; sourceTree = "<group>"; };
		718CDE5122A6CE4C00C07C0E /* ViewModel.swift */ = {isa = PBXFileReference; fileEncoding = 4; lastKnownFileType = sourcecode.swift; path = ViewModel.swift; sourceTree = "<group>"; };
		718CDE5522A6D27400C07C0E /* APIAuthTests.swift */ = {isa = PBXFileReference; lastKnownFileType = sourcecode.swift; path = APIAuthTests.swift; sourceTree = "<group>"; };
		718CDE5E22A6D7C300C07C0E /* AuthViewModel.swift */ = {isa = PBXFileReference; fileEncoding = 4; lastKnownFileType = sourcecode.swift; path = AuthViewModel.swift; sourceTree = "<group>"; };
		718CDE6522A6DF3600C07C0E /* DateFormatter+Extensions.swift */ = {isa = PBXFileReference; fileEncoding = 4; lastKnownFileType = sourcecode.swift; path = "DateFormatter+Extensions.swift"; sourceTree = "<group>"; };
		718CDE7522A7D3D900C07C0E /* ADTestCase.swift */ = {isa = PBXFileReference; lastKnownFileType = sourcecode.swift; path = ADTestCase.swift; sourceTree = "<group>"; };
		718CDE7722A7D4B500C07C0E /* APIVenueTests.swift */ = {isa = PBXFileReference; lastKnownFileType = sourcecode.swift; path = APIVenueTests.swift; sourceTree = "<group>"; };
		718CDE8022A8299100C07C0E /* ADPersistentContainer.swift */ = {isa = PBXFileReference; lastKnownFileType = sourcecode.swift; path = ADPersistentContainer.swift; sourceTree = "<group>"; };
		718CDE8622A829E000C07C0E /* ADModel.xcdatamodel */ = {isa = PBXFileReference; lastKnownFileType = wrapper.xcdatamodel; path = ADModel.xcdatamodel; sourceTree = "<group>"; };
		718CEDBF22B2DA0B005CB60E /* HomeHorizontalCollectionCellLarge.swift */ = {isa = PBXFileReference; lastKnownFileType = sourcecode.swift; path = HomeHorizontalCollectionCellLarge.swift; sourceTree = "<group>"; };
		718CEDC022B2DA0B005CB60E /* HomeHorizontalCollectionCellLarge.xib */ = {isa = PBXFileReference; lastKnownFileType = file.xib; path = HomeHorizontalCollectionCellLarge.xib; sourceTree = "<group>"; };
		718CEDCB22B2DF1E005CB60E /* HomeHorizontalCellLarge.swift */ = {isa = PBXFileReference; lastKnownFileType = sourcecode.swift; path = HomeHorizontalCellLarge.swift; sourceTree = "<group>"; };
		718CEDCC22B2DF1E005CB60E /* HomeHorizontalCellLarge.xib */ = {isa = PBXFileReference; lastKnownFileType = file.xib; path = HomeHorizontalCellLarge.xib; sourceTree = "<group>"; };
		719737A62363526D00A57225 /* CDUpdateMonitor.swift */ = {isa = PBXFileReference; lastKnownFileType = sourcecode.swift; path = CDUpdateMonitor.swift; sourceTree = "<group>"; };
		719737A8236760CF00A57225 /* SignOutCell.swift */ = {isa = PBXFileReference; lastKnownFileType = sourcecode.swift; path = SignOutCell.swift; sourceTree = "<group>"; };
		71A854A722AAB72D00DD8374 /* APIRequestShop.swift */ = {isa = PBXFileReference; lastKnownFileType = sourcecode.swift; path = APIRequestShop.swift; sourceTree = "<group>"; };
		71A854A922AAB86B00DD8374 /* APIRequestAuth.swift */ = {isa = PBXFileReference; lastKnownFileType = sourcecode.swift; path = APIRequestAuth.swift; sourceTree = "<group>"; };
		71AED14422A91D3200A51BEB /* Shop+CoreDataClass.swift */ = {isa = PBXFileReference; fileEncoding = 4; lastKnownFileType = sourcecode.swift; path = "Shop+CoreDataClass.swift"; sourceTree = "<group>"; };
		71AED14822A9266000A51BEB /* AD+CodingUserInfoKey.swift */ = {isa = PBXFileReference; lastKnownFileType = sourcecode.swift; path = "AD+CodingUserInfoKey.swift"; sourceTree = "<group>"; };
		71AED15822A92CCE00A51BEB /* ADApi.swift */ = {isa = PBXFileReference; lastKnownFileType = sourcecode.swift; path = ADApi.swift; sourceTree = "<group>"; };
		71AED15D22A92DCB00A51BEB /* AuthRootViewController.swift */ = {isa = PBXFileReference; lastKnownFileType = sourcecode.swift; path = AuthRootViewController.swift; sourceTree = "<group>"; };
		71AED15F22A92DE800A51BEB /* Auth.storyboard */ = {isa = PBXFileReference; lastKnownFileType = file.storyboard; path = Auth.storyboard; sourceTree = "<group>"; };
		71AED16122A934B100A51BEB /* Root.storyboard */ = {isa = PBXFileReference; lastKnownFileType = file.storyboard; path = Root.storyboard; sourceTree = "<group>"; };
		71AED16422A9357000A51BEB /* RootViewController.swift */ = {isa = PBXFileReference; lastKnownFileType = sourcecode.swift; path = RootViewController.swift; sourceTree = "<group>"; };
		71B0980422B7A09800502AEC /* Profile.storyboard */ = {isa = PBXFileReference; lastKnownFileType = file.storyboard; path = Profile.storyboard; sourceTree = "<group>"; };
		71B0981022B7B1F000502AEC /* Home.storyboard */ = {isa = PBXFileReference; lastKnownFileType = file.storyboard; path = Home.storyboard; sourceTree = "<group>"; };
		71B0981622B7D0B900502AEC /* HomeHorizontalCellSmall.xib */ = {isa = PBXFileReference; fileEncoding = 4; lastKnownFileType = file.xib; path = HomeHorizontalCellSmall.xib; sourceTree = "<group>"; };
		71B0981822B7D5FC00502AEC /* HomeHorizontalCellSmall.swift */ = {isa = PBXFileReference; fileEncoding = 4; lastKnownFileType = sourcecode.swift; path = HomeHorizontalCellSmall.swift; sourceTree = "<group>"; };
		71B0981B22B7EA2700502AEC /* HomeHorizontalCollectionCellSmall.swift */ = {isa = PBXFileReference; fileEncoding = 4; lastKnownFileType = sourcecode.swift; path = HomeHorizontalCollectionCellSmall.swift; sourceTree = "<group>"; };
		71B0981C22B7EA2700502AEC /* HomeHorizontalCollectionCellSmall.xib */ = {isa = PBXFileReference; fileEncoding = 4; lastKnownFileType = file.xib; path = HomeHorizontalCollectionCellSmall.xib; sourceTree = "<group>"; };
		71B0982122B9112700502AEC /* RawImage.swift */ = {isa = PBXFileReference; lastKnownFileType = sourcecode.swift; path = RawImage.swift; sourceTree = "<group>"; };
		71B1E1EE22E8778C006211BA /* Notification+Names.swift */ = {isa = PBXFileReference; lastKnownFileType = sourcecode.swift; path = "Notification+Names.swift"; sourceTree = "<group>"; };
		71B1E20A22EB153D006211BA /* UIViewController+Overlays.swift */ = {isa = PBXFileReference; lastKnownFileType = sourcecode.swift; path = "UIViewController+Overlays.swift"; sourceTree = "<group>"; };
		71B7D38122B2E062000C777E /* SF-Pro-Text-Semibold.otf */ = {isa = PBXFileReference; lastKnownFileType = file; path = "SF-Pro-Text-Semibold.otf"; sourceTree = "<group>"; };
		71B7D38422B2E081000C777E /* SF-Pro-Text-Medium.otf */ = {isa = PBXFileReference; lastKnownFileType = file; path = "SF-Pro-Text-Medium.otf"; sourceTree = "<group>"; };
		71B7D38722B2F309000C777E /* SF-Pro-Text-Bold.otf */ = {isa = PBXFileReference; lastKnownFileType = file; path = "SF-Pro-Text-Bold.otf"; sourceTree = "<group>"; };
		71C2A34022F099580073FAEC /* PassKit.framework */ = {isa = PBXFileReference; lastKnownFileType = wrapper.framework; name = PassKit.framework; path = System/Library/Frameworks/PassKit.framework; sourceTree = SDKROOT; };
		71CB7658238D7BF5002EF8E7 /* CoreDataContext+CoreDataClass.swift */ = {isa = PBXFileReference; lastKnownFileType = sourcecode.swift; path = "CoreDataContext+CoreDataClass.swift"; sourceTree = "<group>"; };
		71CB767D2391785E002EF8E7 /* EnvironmentViewController.swift */ = {isa = PBXFileReference; lastKnownFileType = sourcecode.swift; path = EnvironmentViewController.swift; sourceTree = "<group>"; };
		71CB767F239179E0002EF8E7 /* Environment.swift */ = {isa = PBXFileReference; lastKnownFileType = sourcecode.swift; path = Environment.swift; sourceTree = "<group>"; };
		71CDBC1122BA4B29002CEB79 /* CoreDataViewModel.swift */ = {isa = PBXFileReference; lastKnownFileType = sourcecode.swift; path = CoreDataViewModel.swift; sourceTree = "<group>"; };
		71D1BB43237F1DED00A899E8 /* DirectionsTest.swift */ = {isa = PBXFileReference; lastKnownFileType = sourcecode.swift; path = DirectionsTest.swift; sourceTree = "<group>"; };
		71DE53D722FB11E100F2AAF7 /* AuthTextInputCell.swift */ = {isa = PBXFileReference; lastKnownFileType = sourcecode.swift; path = AuthTextInputCell.swift; sourceTree = "<group>"; };
		71DE53D922FB123800F2AAF7 /* TextInputCell.swift */ = {isa = PBXFileReference; lastKnownFileType = sourcecode.swift; path = TextInputCell.swift; sourceTree = "<group>"; };
		71ED005322D4A0280046B739 /* Project.entitlements */ = {isa = PBXFileReference; lastKnownFileType = text.plist.entitlements; path = Project.entitlements; sourceTree = "<group>"; };
		71F1EC8C231978A200D9F759 /* TicketsTests.swift */ = {isa = PBXFileReference; lastKnownFileType = sourcecode.swift; path = TicketsTests.swift; sourceTree = "<group>"; };
		78366420647C30AC9081E3CE /* Pods-Project.staging.xcconfig */ = {isa = PBXFileReference; includeInIndex = 1; lastKnownFileType = text.xcconfig; name = "Pods-Project.staging.xcconfig"; path = "Pods/Target Support Files/Pods-Project/Pods-Project.staging.xcconfig"; sourceTree = "<group>"; };
		81E3E9FE04240E4B3E0828BF /* Pods-ProjectTests.debug.xcconfig */ = {isa = PBXFileReference; includeInIndex = 1; lastKnownFileType = text.xcconfig; name = "Pods-ProjectTests.debug.xcconfig"; path = "Pods/Target Support Files/Pods-ProjectTests/Pods-ProjectTests.debug.xcconfig"; sourceTree = "<group>"; };
		882E84687916F2D3B66F0465 /* Pods-Project-ProjectUITests.staging.xcconfig */ = {isa = PBXFileReference; includeInIndex = 1; lastKnownFileType = text.xcconfig; name = "Pods-Project-ProjectUITests.staging.xcconfig"; path = "Pods/Target Support Files/Pods-Project-ProjectUITests/Pods-Project-ProjectUITests.staging.xcconfig"; sourceTree = "<group>"; };
		AA0753C522D4C2510036498F /* UIStoryboard+Instantiate.swift */ = {isa = PBXFileReference; lastKnownFileType = sourcecode.swift; path = "UIStoryboard+Instantiate.swift"; sourceTree = "<group>"; };
		AA0753E322D895D10036498F /* PreAuthViewController.swift */ = {isa = PBXFileReference; lastKnownFileType = sourcecode.swift; path = PreAuthViewController.swift; sourceTree = "<group>"; };
		AA12A3B322C5F24D00F157DD /* Defaults.swift */ = {isa = PBXFileReference; lastKnownFileType = sourcecode.swift; path = Defaults.swift; sourceTree = "<group>"; };
		AA59EBF82328CF7A00F1FF80 /* ProfileEditCell.swift */ = {isa = PBXFileReference; lastKnownFileType = sourcecode.swift; path = ProfileEditCell.swift; sourceTree = "<group>"; };
		AA6854D922C2409000C58B53 /* APIRequestUser.swift */ = {isa = PBXFileReference; lastKnownFileType = sourcecode.swift; path = APIRequestUser.swift; sourceTree = "<group>"; };
		AA6854DE22C3C99600C58B53 /* User.swift */ = {isa = PBXFileReference; lastKnownFileType = sourcecode.swift; path = User.swift; sourceTree = "<group>"; };
		AA84C1D322FADE0E00E966BD /* ProfileButtonManager.swift */ = {isa = PBXFileReference; lastKnownFileType = sourcecode.swift; path = ProfileButtonManager.swift; sourceTree = "<group>"; };
		AA8A4F2822B919A600922C14 /* FillButton.swift */ = {isa = PBXFileReference; lastKnownFileType = sourcecode.swift; path = FillButton.swift; sourceTree = "<group>"; };
		AA8A4F2A22B91C0A00922C14 /* BorderButton.swift */ = {isa = PBXFileReference; lastKnownFileType = sourcecode.swift; path = BorderButton.swift; sourceTree = "<group>"; };
		AA8D04A323150CA000FEB959 /* ProfileHeaderView.swift */ = {isa = PBXFileReference; lastKnownFileType = sourcecode.swift; path = ProfileHeaderView.swift; sourceTree = "<group>"; };
		AA8D04A523150CB300FEB959 /* ProfileHeaderView.xib */ = {isa = PBXFileReference; lastKnownFileType = file.xib; path = ProfileHeaderView.xib; sourceTree = "<group>"; };
		AA8D04A72315186600FEB959 /* ProfileTableView.swift */ = {isa = PBXFileReference; lastKnownFileType = sourcecode.swift; path = ProfileTableView.swift; sourceTree = "<group>"; };
		AAAA8523234B359A008EEC8B /* ButtonCell.swift */ = {isa = PBXFileReference; lastKnownFileType = sourcecode.swift; path = ButtonCell.swift; sourceTree = "<group>"; };
		AAAA8524234B359A008EEC8B /* ButtonCell.xib */ = {isa = PBXFileReference; lastKnownFileType = file.xib; path = ButtonCell.xib; sourceTree = "<group>"; };
		AACF43B92328F35900E2DE91 /* ProfileEditHeaderView.swift */ = {isa = PBXFileReference; lastKnownFileType = sourcecode.swift; path = ProfileEditHeaderView.swift; sourceTree = "<group>"; };
		AACF43BB2328F37400E2DE91 /* ProfileEditHeaderView.xib */ = {isa = PBXFileReference; lastKnownFileType = file.xib; path = ProfileEditHeaderView.xib; sourceTree = "<group>"; };
		AAFB7F4A22F08E3500C7A822 /* Date+Extensions.swift */ = {isa = PBXFileReference; lastKnownFileType = sourcecode.swift; path = "Date+Extensions.swift"; sourceTree = "<group>"; };
		B9AA161183F7AB4813ADC110 /* Pods-ProjectTests.staging.xcconfig */ = {isa = PBXFileReference; includeInIndex = 1; lastKnownFileType = text.xcconfig; name = "Pods-ProjectTests.staging.xcconfig"; path = "Pods/Target Support Files/Pods-ProjectTests/Pods-ProjectTests.staging.xcconfig"; sourceTree = "<group>"; };
		DAB0C83AA973113BF98AA7A7 /* Pods_ProjectTests.framework */ = {isa = PBXFileReference; explicitFileType = wrapper.framework; includeInIndex = 0; path = Pods_ProjectTests.framework; sourceTree = BUILT_PRODUCTS_DIR; };
		DC896379ED4D2F97634C6670 /* Pods_Project.framework */ = {isa = PBXFileReference; explicitFileType = wrapper.framework; includeInIndex = 0; path = Pods_Project.framework; sourceTree = BUILT_PRODUCTS_DIR; };
		EB066B58D0CA7BF2255AC595 /* Pods-Project-ProjectUITests.debug.xcconfig */ = {isa = PBXFileReference; includeInIndex = 1; lastKnownFileType = text.xcconfig; name = "Pods-Project-ProjectUITests.debug.xcconfig"; path = "Pods/Target Support Files/Pods-Project-ProjectUITests/Pods-Project-ProjectUITests.debug.xcconfig"; sourceTree = "<group>"; };
		F0D1F2DA8A9AAE77715E2C3A /* Pods-Project-ProjectUITests.release.xcconfig */ = {isa = PBXFileReference; includeInIndex = 1; lastKnownFileType = text.xcconfig; name = "Pods-Project-ProjectUITests.release.xcconfig"; path = "Pods/Target Support Files/Pods-Project-ProjectUITests/Pods-Project-ProjectUITests.release.xcconfig"; sourceTree = "<group>"; };
/* End PBXFileReference section */

/* Begin PBXFrameworksBuildPhase section */
		718CDDE222A6793900C07C0E /* Frameworks */ = {
			isa = PBXFrameworksBuildPhase;
			buildActionMask = 2147483647;
			files = (
				71C2A34122F099580073FAEC /* PassKit.framework in Frameworks */,
				47733E12FDE03CD8898864F7 /* Pods_Project.framework in Frameworks */,
			);
			runOnlyForDeploymentPostprocessing = 0;
		};
		718CDDF822A6793A00C07C0E /* Frameworks */ = {
			isa = PBXFrameworksBuildPhase;
			buildActionMask = 2147483647;
			files = (
				164CBD248EBAF1E4F19C2016 /* Pods_ProjectTests.framework in Frameworks */,
			);
			runOnlyForDeploymentPostprocessing = 0;
		};
		718CDE0322A6793A00C07C0E /* Frameworks */ = {
			isa = PBXFrameworksBuildPhase;
			buildActionMask = 2147483647;
			files = (
				D32EB13BD88BACA367DE1122 /* Pods_Project_ProjectUITests.framework in Frameworks */,
			);
			runOnlyForDeploymentPostprocessing = 0;
		};
/* End PBXFrameworksBuildPhase section */

/* Begin PBXGroup section */
		6B48B2EDBE363197004910EB /* Frameworks */ = {
			isa = PBXGroup;
			children = (
				71C2A34022F099580073FAEC /* PassKit.framework */,
				DC896379ED4D2F97634C6670 /* Pods_Project.framework */,
				464AB94F73926993F7B21A44 /* Pods_Project_ProjectUITests.framework */,
				DAB0C83AA973113BF98AA7A7 /* Pods_ProjectTests.framework */,
			);
			name = Frameworks;
			sourceTree = "<group>";
		};
		71404F9222B93FD00017B4F0 /* Views */ = {
			isa = PBXGroup;
			children = (
				718CEDBF22B2DA0B005CB60E /* HomeHorizontalCollectionCellLarge.swift */,
				718CEDC022B2DA0B005CB60E /* HomeHorizontalCollectionCellLarge.xib */,
				718CEDCB22B2DF1E005CB60E /* HomeHorizontalCellLarge.swift */,
				718CEDCC22B2DF1E005CB60E /* HomeHorizontalCellLarge.xib */,
				71B0981C22B7EA2700502AEC /* HomeHorizontalCollectionCellSmall.xib */,
				71B0981B22B7EA2700502AEC /* HomeHorizontalCollectionCellSmall.swift */,
				71B0981822B7D5FC00502AEC /* HomeHorizontalCellSmall.swift */,
				71B0981622B7D0B900502AEC /* HomeHorizontalCellSmall.xib */,
			);
			path = Views;
			sourceTree = "<group>";
		};
		714F4AA522CCFFD600FCF1A2 /* SharedUI */ = {
			isa = PBXGroup;
			children = (
				AA8A4F2822B919A600922C14 /* FillButton.swift */,
				AA8A4F2A22B91C0A00922C14 /* BorderButton.swift */,
				71B1E20A22EB153D006211BA /* UIViewController+Overlays.swift */,
				71DE53D922FB123800F2AAF7 /* TextInputCell.swift */,
				AAAA8523234B359A008EEC8B /* ButtonCell.swift */,
				AAAA8524234B359A008EEC8B /* ButtonCell.xib */,
				7139CA36237B28F900592E70 /* ADActivitySpinner.swift */,
			);
			path = SharedUI;
			sourceTree = "<group>";
		};
		71678DB023FDA715000E93A5 /* Venue */ = {
			isa = PBXGroup;
			children = (
				71678DB123FDA736000E93A5 /* View Models */,
			);
			path = Venue;
			sourceTree = "<group>";
		};
		71678DB123FDA736000E93A5 /* View Models */ = {
			isa = PBXGroup;
			children = (
				71678DB223FDA75A000E93A5 /* ShopViewModel.swift */,
			);
			path = "View Models";
			sourceTree = "<group>";
		};
		716CEF38236B419100A30E84 /* Config */ = {
			isa = PBXGroup;
			children = (
				71CB767F239179E0002EF8E7 /* Environment.swift */,
			);
			path = Config;
			sourceTree = "<group>";
		};
		718CDDDC22A6793900C07C0E = {
			isa = PBXGroup;
			children = (
				718CDDE722A6793900C07C0E /* Project */,
				718CDDFE22A6793A00C07C0E /* ProjectTests */,
				718CDE0922A6793A00C07C0E /* ProjectUITests */,
				718CDDE622A6793900C07C0E /* Products */,
				BB0467702EA473520097B585 /* Pods */,
				6B48B2EDBE363197004910EB /* Frameworks */,
			);
			sourceTree = "<group>";
		};
		718CDDE622A6793900C07C0E /* Products */ = {
			isa = PBXGroup;
			children = (
				718CDDE522A6793900C07C0E /* Project.app */,
				718CDDFB22A6793A00C07C0E /* ProjectTests.xctest */,
				718CDE0622A6793A00C07C0E /* ProjectUITests.xctest */,
			);
			name = Products;
			sourceTree = "<group>";
		};
		718CDDE722A6793900C07C0E /* Project */ = {
			isa = PBXGroup;
			children = (
				71ED005322D4A0280046B739 /* Project.entitlements */,
				718CDE1822A6A85300C07C0E /* Source */,
				718CDE1922A6A8A100C07C0E /* Resources */,
				718CDDF622A6793A00C07C0E /* Info.plist */,
			);
			path = Project;
			sourceTree = "<group>";
		};
		718CDDFE22A6793A00C07C0E /* ProjectTests */ = {
			isa = PBXGroup;
			children = (
				718CDDFF22A6793A00C07C0E /* ProjectTests.swift */,
				718CDE0122A6793A00C07C0E /* Info.plist */,
				718CDE5522A6D27400C07C0E /* APIAuthTests.swift */,
				718CDE7722A7D4B500C07C0E /* APIVenueTests.swift */,
				718CDE7522A7D3D900C07C0E /* ADTestCase.swift */,
				714660D122C24996006E3ADE /* AnalyticsTests.swift */,
				714B20FE230EF40E00F016F4 /* CreditCardTests.swift */,
				71F1EC8C231978A200D9F759 /* TicketsTests.swift */,
				71D1BB43237F1DED00A899E8 /* DirectionsTest.swift */,
			);
			path = ProjectTests;
			sourceTree = "<group>";
		};
		718CDE0922A6793A00C07C0E /* ProjectUITests */ = {
			isa = PBXGroup;
			children = (
				718CDE0C22A6793A00C07C0E /* Info.plist */,
				714B214F230EFD2B00F016F4 /* PaymentTests.swift */,
			);
			path = ProjectUITests;
			sourceTree = "<group>";
		};
		718CDE1822A6A85300C07C0E /* Source */ = {
			isa = PBXGroup;
			children = (
				71678DB023FDA715000E93A5 /* Venue */,
				714F4AA522CCFFD600FCF1A2 /* SharedUI */,
				71AED16322A9356300A51BEB /* Root */,
				718CEDC922B2DADF005CB60E /* Profile */,
				718CEDC522B2DAC6005CB60E /* Home */,
				718CDE2922A6B71900C07C0E /* State */,
				718CDE5C22A6D75800C07C0E /* Auth */,
				718CDE1A22A6B1FE00C07C0E /* Core */,
				718CDDE822A6793900C07C0E /* AppDelegate.swift */,
			);
			path = Source;
			sourceTree = "<group>";
		};
		718CDE1922A6A8A100C07C0E /* Resources */ = {
			isa = PBXGroup;
			children = (
				712CF8AE23FADBCF00B99E1A /* GoogleService-Info.plist */,
				71B7D38022B2E021000C777E /* Fonts */,
				718CDDEE22A6793900C07C0E /* Main.storyboard */,
				718CDDF122A6793A00C07C0E /* Assets.xcassets */,
				718CDDF322A6793A00C07C0E /* LaunchScreen.storyboard */,
				71AED16122A934B100A51BEB /* Root.storyboard */,
			);
			path = Resources;
			sourceTree = "<group>";
		};
		718CDE1A22A6B1FE00C07C0E /* Core */ = {
			isa = PBXGroup;
			children = (
				716CEF38236B419100A30E84 /* Config */,
				718CDE7F22A8291700C07C0E /* CoreData */,
				718CDE6222A6DECE00C07C0E /* Extensions */,
				718CDE4F22A6CE3100C07C0E /* ViewModel */,
				718CDE2422A6B65D00C07C0E /* Store */,
				718CDE1B22A6B20800C07C0E /* API */,
			);
			path = Core;
			sourceTree = "<group>";
		};
		718CDE1B22A6B20800C07C0E /* API */ = {
			isa = PBXGroup;
			children = (
				718CDE1E22A6B30000C07C0E /* APIRequest.swift */,
				718CDE1F22A6B30000C07C0E /* APIErrorResponse.swift */,
				718CDE1C22A6B24B00C07C0E /* API.swift */,
				71A854A722AAB72D00DD8374 /* APIRequestShop.swift */,
				71A854A922AAB86B00DD8374 /* APIRequestAuth.swift */,
				AA6854D922C2409000C58B53 /* APIRequestUser.swift */,
			);
			path = API;
			sourceTree = "<group>";
		};
		718CDE2422A6B65D00C07C0E /* Store */ = {
			isa = PBXGroup;
			children = (
				718CDE2622A6B67B00C07C0E /* Store.swift */,
				AA12A3B322C5F24D00F157DD /* Defaults.swift */,
			);
			path = Store;
			sourceTree = "<group>";
		};
		718CDE2922A6B71900C07C0E /* State */ = {
			isa = PBXGroup;
			children = (
				718CDE2D22A6B75200C07C0E /* AppState.swift */,
				718CDE2A22A6B75200C07C0E /* Store+Selectors.swift */,
				71AED15822A92CCE00A51BEB /* ADApi.swift */,
			);
			path = State;
			sourceTree = "<group>";
		};
		718CDE4F22A6CE3100C07C0E /* ViewModel */ = {
			isa = PBXGroup;
			children = (
				71239F8623FEAF680075A3BA /* DataItemProvider.swift */,
				718CDE5122A6CE4C00C07C0E /* ViewModel.swift */,
				71CDBC1122BA4B29002CEB79 /* CoreDataViewModel.swift */,
			);
			path = ViewModel;
			sourceTree = "<group>";
		};
		718CDE5C22A6D75800C07C0E /* Auth */ = {
			isa = PBXGroup;
			children = (
				71DE53D622FB11C500F2AAF7 /* Views */,
				71AED15F22A92DE800A51BEB /* Auth.storyboard */,
				71AED15C22A92D8400A51BEB /* View Controllers */,
				718CDE5D22A6D77F00C07C0E /* View Models */,
			);
			path = Auth;
			sourceTree = "<group>";
		};
		718CDE5D22A6D77F00C07C0E /* View Models */ = {
			isa = PBXGroup;
			children = (
				718CDE5E22A6D7C300C07C0E /* AuthViewModel.swift */,
			);
			path = "View Models";
			sourceTree = "<group>";
		};
		718CDE6222A6DECE00C07C0E /* Extensions */ = {
			isa = PBXGroup;
			children = (
				AAFB7F4A22F08E3500C7A822 /* Date+Extensions.swift */,
				718CDE6522A6DF3600C07C0E /* DateFormatter+Extensions.swift */,
				AA0753C522D4C2510036498F /* UIStoryboard+Instantiate.swift */,
				71B1E1EE22E8778C006211BA /* Notification+Names.swift */,
				711267462357C4840028C78D /* Optional+Unwrap.swift */,
			);
			path = Extensions;
			sourceTree = "<group>";
		};
		718CDE7F22A8291700C07C0E /* CoreData */ = {
			isa = PBXGroup;
			children = (
				719737A52363520900A57225 /* Updates */,
				718CDE8B22A91CF400C07C0E /* Classes */,
				718CDE8422A829A300C07C0E /* DataModel */,
				718CDE8022A8299100C07C0E /* ADPersistentContainer.swift */,
				71AED14822A9266000A51BEB /* AD+CodingUserInfoKey.swift */,
			);
			path = CoreData;
			sourceTree = "<group>";
		};
		718CDE8422A829A300C07C0E /* DataModel */ = {
			isa = PBXGroup;
			children = (
				718CDE8522A829E000C07C0E /* ADModel.xcdatamodeld */,
			);
			path = DataModel;
			sourceTree = "<group>";
		};
		718CDE8B22A91CF400C07C0E /* Classes */ = {
			isa = PBXGroup;
			children = (
				71CB7658238D7BF5002EF8E7 /* CoreDataContext+CoreDataClass.swift */,
				71AED14422A91D3200A51BEB /* Shop+CoreDataClass.swift */,
				71B0982122B9112700502AEC /* RawImage.swift */,
			);
			path = Classes;
			sourceTree = "<group>";
		};
		718CEDC522B2DAC6005CB60E /* Home */ = {
			isa = PBXGroup;
			children = (
				71404F9222B93FD00017B4F0 /* Views */,
				718CEDCA22B2DB05005CB60E /* View Controllers */,
				71B0981022B7B1F000502AEC /* Home.storyboard */,
			);
			path = Home;
			sourceTree = "<group>";
		};
		718CEDC922B2DADF005CB60E /* Profile */ = {
			isa = PBXGroup;
			children = (
				AA6854DD22C3C98300C58B53 /* Models */,
				AA8A4F3A22BBDEDE00922C14 /* Views */,
				AA8A4F1D22B8090500922C14 /* View Controllers */,
				71B0980422B7A09800502AEC /* Profile.storyboard */,
			);
			path = Profile;
			sourceTree = "<group>";
		};
		718CEDCA22B2DB05005CB60E /* View Controllers */ = {
			isa = PBXGroup;
			children = (
				718CDDEA22A6793900C07C0E /* HomeViewController.swift */,
			);
			path = "View Controllers";
			sourceTree = "<group>";
		};
		719737A52363520900A57225 /* Updates */ = {
			isa = PBXGroup;
			children = (
				719737A62363526D00A57225 /* CDUpdateMonitor.swift */,
			);
			path = Updates;
			sourceTree = "<group>";
		};
		71AED15C22A92D8400A51BEB /* View Controllers */ = {
			isa = PBXGroup;
			children = (
				71AED15D22A92DCB00A51BEB /* AuthRootViewController.swift */,
				AA0753E322D895D10036498F /* PreAuthViewController.swift */,
			);
			path = "View Controllers";
			sourceTree = "<group>";
		};
		71AED16322A9356300A51BEB /* Root */ = {
			isa = PBXGroup;
			children = (
				71AED16422A9357000A51BEB /* RootViewController.swift */,
			);
			path = Root;
			sourceTree = "<group>";
		};
		71B7D38022B2E021000C777E /* Fonts */ = {
			isa = PBXGroup;
			children = (
				714F4AAC22CD00D600FCF1A2 /* SF-Pro-Display-Bold.otf */,
				714F4AA022CCEF8F00FCF1A2 /* SF-Pro-Display-Semibold.otf */,
				714660D422C25D79006E3ADE /* SF-Pro-Text-Regular.otf */,
				71B7D38422B2E081000C777E /* SF-Pro-Text-Medium.otf */,
				71B7D38122B2E062000C777E /* SF-Pro-Text-Semibold.otf */,
				71B7D38722B2F309000C777E /* SF-Pro-Text-Bold.otf */,
			);
			path = Fonts;
			sourceTree = "<group>";
		};
		71DE53D622FB11C500F2AAF7 /* Views */ = {
			isa = PBXGroup;
			children = (
				71DE53D722FB11E100F2AAF7 /* AuthTextInputCell.swift */,
			);
			path = Views;
			sourceTree = "<group>";
		};
		AA6854DD22C3C98300C58B53 /* Models */ = {
			isa = PBXGroup;
			children = (
				AA6854DE22C3C99600C58B53 /* User.swift */,
			);
			path = Models;
			sourceTree = "<group>";
		};
		AA8A4F1D22B8090500922C14 /* View Controllers */ = {
			isa = PBXGroup;
			children = (
				71CB767D2391785E002EF8E7 /* EnvironmentViewController.swift */,
			);
			path = "View Controllers";
			sourceTree = "<group>";
		};
		AA8A4F3A22BBDEDE00922C14 /* Views */ = {
			isa = PBXGroup;
			children = (
				AA84C1D322FADE0E00E966BD /* ProfileButtonManager.swift */,
				AA8D04A323150CA000FEB959 /* ProfileHeaderView.swift */,
				AA8D04A523150CB300FEB959 /* ProfileHeaderView.xib */,
				AA8D04A72315186600FEB959 /* ProfileTableView.swift */,
				AA59EBF82328CF7A00F1FF80 /* ProfileEditCell.swift */,
				AACF43B92328F35900E2DE91 /* ProfileEditHeaderView.swift */,
				AACF43BB2328F37400E2DE91 /* ProfileEditHeaderView.xib */,
				719737A8236760CF00A57225 /* SignOutCell.swift */,
			);
			path = Views;
			sourceTree = "<group>";
		};
		BB0467702EA473520097B585 /* Pods */ = {
			isa = PBXGroup;
			children = (
				14E637EF3978D4406D6C5B54 /* Pods-Project.debug.xcconfig */,
				78366420647C30AC9081E3CE /* Pods-Project.staging.xcconfig */,
				5C21405E74A165847ECB8926 /* Pods-Project.release.xcconfig */,
				EB066B58D0CA7BF2255AC595 /* Pods-Project-ProjectUITests.debug.xcconfig */,
				882E84687916F2D3B66F0465 /* Pods-Project-ProjectUITests.staging.xcconfig */,
				F0D1F2DA8A9AAE77715E2C3A /* Pods-Project-ProjectUITests.release.xcconfig */,
				81E3E9FE04240E4B3E0828BF /* Pods-ProjectTests.debug.xcconfig */,
				B9AA161183F7AB4813ADC110 /* Pods-ProjectTests.staging.xcconfig */,
				4AAC1806F0979889CDC0225E /* Pods-ProjectTests.release.xcconfig */,
			);
			name = Pods;
			sourceTree = "<group>";
		};
/* End PBXGroup section */

/* Begin PBXNativeTarget section */
		718CDDE422A6793900C07C0E /* Project */ = {
			isa = PBXNativeTarget;
			buildConfigurationList = 718CDE0F22A6793A00C07C0E /* Build configuration list for PBXNativeTarget "Project" */;
			buildPhases = (
				B20B6F6D8686B37F87D6695A /* [CP] Check Pods Manifest.lock */,
				718CDDE122A6793900C07C0E /* Sources */,
				718CDDE222A6793900C07C0E /* Frameworks */,
				718CDDE322A6793900C07C0E /* Resources */,
				F02F45A64908B93B6E2B9747 /* [CP] Embed Pods Frameworks */,
				714660CD22C129F6006E3ADE /* ShellScript */,
				71CB7681239182B8002EF8E7 /* ShellScript */,
				99926431FBAC6EC4BB501FC0 /* [CP] Copy Pods Resources */,
			);
			buildRules = (
			);
			dependencies = (
			);
			name = Project;
			productName = Project;
			productReference = 718CDDE522A6793900C07C0E /* Project.app */;
			productType = "com.apple.product-type.application";
		};
		718CDDFA22A6793A00C07C0E /* ProjectTests */ = {
			isa = PBXNativeTarget;
			buildConfigurationList = 718CDE1222A6793A00C07C0E /* Build configuration list for PBXNativeTarget "ProjectTests" */;
			buildPhases = (
				A9F3171934532764B9F56B75 /* [CP] Check Pods Manifest.lock */,
				718CDDF722A6793A00C07C0E /* Sources */,
				718CDDF822A6793A00C07C0E /* Frameworks */,
				718CDDF922A6793A00C07C0E /* Resources */,
			);
			buildRules = (
			);
			dependencies = (
				718CDDFD22A6793A00C07C0E /* PBXTargetDependency */,
			);
			name = ProjectTests;
			productName = ProjectTests;
			productReference = 718CDDFB22A6793A00C07C0E /* ProjectTests.xctest */;
			productType = "com.apple.product-type.bundle.unit-test";
		};
		718CDE0522A6793A00C07C0E /* ProjectUITests */ = {
			isa = PBXNativeTarget;
			buildConfigurationList = 718CDE1522A6793A00C07C0E /* Build configuration list for PBXNativeTarget "ProjectUITests" */;
			buildPhases = (
				0B55AB51C2E7030866F79268 /* [CP] Check Pods Manifest.lock */,
				718CDE0222A6793A00C07C0E /* Sources */,
				718CDE0322A6793A00C07C0E /* Frameworks */,
				718CDE0422A6793A00C07C0E /* Resources */,
				18F0BC4416ABD51B287FF6B2 /* [CP] Embed Pods Frameworks */,
				4EF48EC3A64C1D14A66C5F15 /* [CP] Copy Pods Resources */,
			);
			buildRules = (
			);
			dependencies = (
				718CDE0822A6793A00C07C0E /* PBXTargetDependency */,
			);
			name = ProjectUITests;
			productName = ProjectUITests;
			productReference = 718CDE0622A6793A00C07C0E /* ProjectUITests.xctest */;
			productType = "com.apple.product-type.bundle.ui-testing";
		};
/* End PBXNativeTarget section */

/* Begin PBXProject section */
		718CDDDD22A6793900C07C0E /* Project object */ = {
			isa = PBXProject;
			attributes = {
				LastSwiftUpdateCheck = 1020;
				LastUpgradeCheck = 1020;
				ORGANIZATIONNAME = Rekall;
				TargetAttributes = {
					718CDDE422A6793900C07C0E = {
						CreatedOnToolsVersion = 10.2.1;
						SystemCapabilities = {
							com.apple.ApplePay = {
								enabled = 1;
							};
							com.apple.Wallet = {
								enabled = 1;
							};
						};
					};
					718CDDFA22A6793A00C07C0E = {
						CreatedOnToolsVersion = 10.2.1;
						TestTargetID = 718CDDE422A6793900C07C0E;
					};
					718CDE0522A6793A00C07C0E = {
						CreatedOnToolsVersion = 10.2.1;
						TestTargetID = 718CDDE422A6793900C07C0E;
					};
				};
			};
			buildConfigurationList = 718CDDE022A6793900C07C0E /* Build configuration list for PBXProject "Project" */;
			compatibilityVersion = "Xcode 9.3";
			developmentRegion = en;
			hasScannedForEncodings = 0;
			knownRegions = (
				en,
				Base,
			);
			mainGroup = 718CDDDC22A6793900C07C0E;
			productRefGroup = 718CDDE622A6793900C07C0E /* Products */;
			projectDirPath = "";
			projectRoot = "";
			targets = (
				718CDDE422A6793900C07C0E /* Project */,
				718CDDFA22A6793A00C07C0E /* ProjectTests */,
				718CDE0522A6793A00C07C0E /* ProjectUITests */,
			);
		};
/* End PBXProject section */

/* Begin PBXResourcesBuildPhase section */
		718CDDE322A6793900C07C0E /* Resources */ = {
			isa = PBXResourcesBuildPhase;
			buildActionMask = 2147483647;
			files = (
				714F4AB522CE2D4D00FCF1A2 /* SF-Pro-Display-Semibold.otf in Resources */,
				714660D522C25D79006E3ADE /* SF-Pro-Text-Regular.otf in Resources */,
				AA8D04A623150CB300FEB959 /* ProfileHeaderView.xib in Resources */,
				71AED16222A934B100A51BEB /* Root.storyboard in Resources */,
				71B0980522B7A09800502AEC /* Profile.storyboard in Resources */,
				AAAA8526234B359A008EEC8B /* ButtonCell.xib in Resources */,
				71AED16022A92DE800A51BEB /* Auth.storyboard in Resources */,
				718CEDCF22B2DF1E005CB60E /* HomeHorizontalCellLarge.xib in Resources */,
				712CF8AF23FADBCF00B99E1A /* GoogleService-Info.plist in Resources */,
				AACF43BC2328F37400E2DE91 /* ProfileEditHeaderView.xib in Resources */,
				718CDDF522A6793A00C07C0E /* LaunchScreen.storyboard in Resources */,
				71B7D38222B2E062000C777E /* SF-Pro-Text-Semibold.otf in Resources */,
				71B0981F22B7EA2700502AEC /* HomeHorizontalCollectionCellSmall.xib in Resources */,
				714F4AB322CE2D4A00FCF1A2 /* SF-Pro-Display-Bold.otf in Resources */,
				71B0981122B7B1F000502AEC /* Home.storyboard in Resources */,
				71B0981722B7D0B900502AEC /* HomeHorizontalCellSmall.xib in Resources */,
				718CEDC322B2DA0B005CB60E /* HomeHorizontalCollectionCellLarge.xib in Resources */,
				71B0981722B7D0B900502AEC /* HomeHorizontalCellSmall.xib in Resources */,
				718CEDC322B2DA0B005CB60E /* HomeHorizontalCollectionCellLarge.xib in Resources */,
				71B7D38822B2F309000C777E /* SF-Pro-Text-Bold.otf in Resources */,
				718CDDF222A6793A00C07C0E /* Assets.xcassets in Resources */,
				718CDDF022A6793900C07C0E /* Main.storyboard in Resources */,
				71B7D38522B2E081000C777E /* SF-Pro-Text-Medium.otf in Resources */,
			);
			runOnlyForDeploymentPostprocessing = 0;
		};
		718CDDF922A6793A00C07C0E /* Resources */ = {
			isa = PBXResourcesBuildPhase;
			buildActionMask = 2147483647;
			files = (
			);
			runOnlyForDeploymentPostprocessing = 0;
		};
		718CDE0422A6793A00C07C0E /* Resources */ = {
			isa = PBXResourcesBuildPhase;
			buildActionMask = 2147483647;
			files = (
				714F4AA122CCEF8F00FCF1A2 /* SF-Pro-Display-Semibold.otf in Resources */,
				71B7D38622B2E081000C777E /* SF-Pro-Text-Medium.otf in Resources */,
				714F4AB422CE2D4A00FCF1A2 /* SF-Pro-Display-Bold.otf in Resources */,
				714660D622C25D79006E3ADE /* SF-Pro-Text-Regular.otf in Resources */,
				71B7D38922B2F309000C777E /* SF-Pro-Text-Bold.otf in Resources */,
				71B7D38322B2E062000C777E /* SF-Pro-Text-Semibold.otf in Resources */,
			);
			runOnlyForDeploymentPostprocessing = 0;
		};
/* End PBXResourcesBuildPhase section */

/* Begin PBXShellScriptBuildPhase section */
		0B55AB51C2E7030866F79268 /* [CP] Check Pods Manifest.lock */ = {
			isa = PBXShellScriptBuildPhase;
			buildActionMask = 2147483647;
			files = (
			);
			inputPaths = (
				"${PODS_PODFILE_DIR_PATH}/Podfile.lock",
				"${PODS_ROOT}/Manifest.lock",
			);
			name = "[CP] Check Pods Manifest.lock";
			outputPaths = (
				"$(DERIVED_FILE_DIR)/Pods-Project-ProjectUITests-checkManifestLockResult.txt",
			);
			runOnlyForDeploymentPostprocessing = 0;
			shellPath = /bin/sh;
			shellScript = "diff \"${PODS_PODFILE_DIR_PATH}/Podfile.lock\" \"${PODS_ROOT}/Manifest.lock\" > /dev/null\nif [ $? != 0 ] ; then\n    # print error to STDERR\n    echo \"error: The sandbox is not in sync with the Podfile.lock. Run 'pod install' or update your CocoaPods installation.\" >&2\n    exit 1\nfi\n# This output is used by Xcode 'outputs' to avoid re-running this script phase.\necho \"SUCCESS\" > \"${SCRIPT_OUTPUT_FILE_0}\"\n";
			showEnvVarsInLog = 0;
		};
		18F0BC4416ABD51B287FF6B2 /* [CP] Embed Pods Frameworks */ = {
			isa = PBXShellScriptBuildPhase;
			buildActionMask = 2147483647;
			files = (
			);
			inputFileListPaths = (
				"${PODS_ROOT}/Target Support Files/Pods-Project-ProjectUITests/Pods-Project-ProjectUITests-frameworks-${CONFIGURATION}-input-files.xcfilelist",
			);
			name = "[CP] Embed Pods Frameworks";
			outputFileListPaths = (
				"${PODS_ROOT}/Target Support Files/Pods-Project-ProjectUITests/Pods-Project-ProjectUITests-frameworks-${CONFIGURATION}-output-files.xcfilelist",
			);
			runOnlyForDeploymentPostprocessing = 0;
			shellPath = /bin/sh;
			shellScript = "\"${PODS_ROOT}/Target Support Files/Pods-Project-ProjectUITests/Pods-Project-ProjectUITests-frameworks.sh\"\n";
			showEnvVarsInLog = 0;
		};
		4EF48EC3A64C1D14A66C5F15 /* [CP] Copy Pods Resources */ = {
			isa = PBXShellScriptBuildPhase;
			buildActionMask = 2147483647;
			files = (
			);
			inputFileListPaths = (
				"${PODS_ROOT}/Target Support Files/Pods-Project-ProjectUITests/Pods-Project-ProjectUITests-resources-${CONFIGURATION}-input-files.xcfilelist",
			);
			name = "[CP] Copy Pods Resources";
			outputFileListPaths = (
				"${PODS_ROOT}/Target Support Files/Pods-Project-ProjectUITests/Pods-Project-ProjectUITests-resources-${CONFIGURATION}-output-files.xcfilelist",
			);
			runOnlyForDeploymentPostprocessing = 0;
			shellPath = /bin/sh;
			shellScript = "\"${PODS_ROOT}/Target Support Files/Pods-Project-ProjectUITests/Pods-Project-ProjectUITests-resources.sh\"\n";
			showEnvVarsInLog = 0;
		};
		714660CD22C129F6006E3ADE /* ShellScript */ = {
			isa = PBXShellScriptBuildPhase;
			buildActionMask = 2147483647;
			files = (
			);
			inputFileListPaths = (
			);
			inputPaths = (
				"$(SRCROOT)/$(BUILT_PRODUCTS_DIR)/$(INFOPLIST_PATH)",
			);
			outputFileListPaths = (
			);
			outputPaths = (
			);
			runOnlyForDeploymentPostprocessing = 0;
			shellPath = /bin/sh;
			shellScript = "\"${PODS_ROOT}/Fabric/run\"\n";
		};
		71CB7681239182B8002EF8E7 /* ShellScript */ = {
			isa = PBXShellScriptBuildPhase;
			buildActionMask = 2147483647;
			files = (
			);
			inputFileListPaths = (
			);
			inputPaths = (
				"$(SRCROOT)/$(BUILT_PRODUCTS_DIR)/$(INFOPLIST_PATH)",
			);
			outputFileListPaths = (
			);
			outputPaths = (
			);
			runOnlyForDeploymentPostprocessing = 0;
			shellPath = /bin/sh;
			shellScript = "plutil -replace BUILD_SERVER_IP -string `ipconfig getifaddr en0` \"${BUILT_PRODUCTS_DIR}/${INFOPLIST_PATH}\"\n\n";
		};
		99926431FBAC6EC4BB501FC0 /* [CP] Copy Pods Resources */ = {
			isa = PBXShellScriptBuildPhase;
			buildActionMask = 2147483647;
			files = (
			);
			inputFileListPaths = (
				"${PODS_ROOT}/Target Support Files/Pods-Project/Pods-Project-resources-${CONFIGURATION}-input-files.xcfilelist",
			);
			name = "[CP] Copy Pods Resources";
			outputFileListPaths = (
				"${PODS_ROOT}/Target Support Files/Pods-Project/Pods-Project-resources-${CONFIGURATION}-output-files.xcfilelist",
			);
			runOnlyForDeploymentPostprocessing = 0;
			shellPath = /bin/sh;
			shellScript = "\"${PODS_ROOT}/Target Support Files/Pods-Project/Pods-Project-resources.sh\"\n";
			showEnvVarsInLog = 0;
		};
		A9F3171934532764B9F56B75 /* [CP] Check Pods Manifest.lock */ = {
			isa = PBXShellScriptBuildPhase;
			buildActionMask = 2147483647;
			files = (
			);
			inputPaths = (
				"${PODS_PODFILE_DIR_PATH}/Podfile.lock",
				"${PODS_ROOT}/Manifest.lock",
			);
			name = "[CP] Check Pods Manifest.lock";
			outputPaths = (
				"$(DERIVED_FILE_DIR)/Pods-ProjectTests-checkManifestLockResult.txt",
			);
			runOnlyForDeploymentPostprocessing = 0;
			shellPath = /bin/sh;
			shellScript = "diff \"${PODS_PODFILE_DIR_PATH}/Podfile.lock\" \"${PODS_ROOT}/Manifest.lock\" > /dev/null\nif [ $? != 0 ] ; then\n    # print error to STDERR\n    echo \"error: The sandbox is not in sync with the Podfile.lock. Run 'pod install' or update your CocoaPods installation.\" >&2\n    exit 1\nfi\n# This output is used by Xcode 'outputs' to avoid re-running this script phase.\necho \"SUCCESS\" > \"${SCRIPT_OUTPUT_FILE_0}\"\n";
			showEnvVarsInLog = 0;
		};
		B20B6F6D8686B37F87D6695A /* [CP] Check Pods Manifest.lock */ = {
			isa = PBXShellScriptBuildPhase;
			buildActionMask = 2147483647;
			files = (
			);
			inputPaths = (
				"${PODS_PODFILE_DIR_PATH}/Podfile.lock",
				"${PODS_ROOT}/Manifest.lock",
			);
			name = "[CP] Check Pods Manifest.lock";
			outputPaths = (
				"$(DERIVED_FILE_DIR)/Pods-Project-checkManifestLockResult.txt",
			);
			runOnlyForDeploymentPostprocessing = 0;
			shellPath = /bin/sh;
			shellScript = "diff \"${PODS_PODFILE_DIR_PATH}/Podfile.lock\" \"${PODS_ROOT}/Manifest.lock\" > /dev/null\nif [ $? != 0 ] ; then\n    # print error to STDERR\n    echo \"error: The sandbox is not in sync with the Podfile.lock. Run 'pod install' or update your CocoaPods installation.\" >&2\n    exit 1\nfi\n# This output is used by Xcode 'outputs' to avoid re-running this script phase.\necho \"SUCCESS\" > \"${SCRIPT_OUTPUT_FILE_0}\"\n";
			showEnvVarsInLog = 0;
		};
		F02F45A64908B93B6E2B9747 /* [CP] Embed Pods Frameworks */ = {
			isa = PBXShellScriptBuildPhase;
			buildActionMask = 2147483647;
			files = (
			);
			inputFileListPaths = (
				"${PODS_ROOT}/Target Support Files/Pods-Project/Pods-Project-frameworks-${CONFIGURATION}-input-files.xcfilelist",
			);
			name = "[CP] Embed Pods Frameworks";
			outputFileListPaths = (
				"${PODS_ROOT}/Target Support Files/Pods-Project/Pods-Project-frameworks-${CONFIGURATION}-output-files.xcfilelist",
			);
			runOnlyForDeploymentPostprocessing = 0;
			shellPath = /bin/sh;
			shellScript = "\"${PODS_ROOT}/Target Support Files/Pods-Project/Pods-Project-frameworks.sh\"\n";
			showEnvVarsInLog = 0;
		};
/* End PBXShellScriptBuildPhase section */

/* Begin PBXSourcesBuildPhase section */
		718CDDE122A6793900C07C0E /* Sources */ = {
			isa = PBXSourcesBuildPhase;
			buildActionMask = 2147483647;
			files = (
				718CDE8722A829E000C07C0E /* ADModel.xcdatamodeld in Sources */,
				71CDBC1222BA4B29002CEB79 /* CoreDataViewModel.swift in Sources */,
				AAFB7F4B22F08E3500C7A822 /* Date+Extensions.swift in Sources */,
				AA8D04A82315186600FEB959 /* ProfileTableView.swift in Sources */,
				71B0981D22B7EA2700502AEC /* HomeHorizontalCollectionCellSmall.swift in Sources */,
				AA0753E422D895D10036498F /* PreAuthViewController.swift in Sources */,
				71A854AA22AAB86B00DD8374 /* APIRequestAuth.swift in Sources */,
				718CEDCD22B2DF1E005CB60E /* HomeHorizontalCellLarge.swift in Sources */,
				71B0981922B7D5FC00502AEC /* HomeHorizontalCellSmall.swift in Sources */,
				71AED14622A91D3200A51BEB /* Shop+CoreDataClass.swift in Sources */,
				71DE53DA22FB123800F2AAF7 /* TextInputCell.swift in Sources */,
				71AED16522A9357000A51BEB /* RootViewController.swift in Sources */,
				AA0753C622D4C2510036498F /* UIStoryboard+Instantiate.swift in Sources */,
				AACF43BA2328F35900E2DE91 /* ProfileEditHeaderView.swift in Sources */,
				71CB767E2391785E002EF8E7 /* EnvironmentViewController.swift in Sources */,
				718CDE8122A8299100C07C0E /* ADPersistentContainer.swift in Sources */,
				AA8D04A423150CA000FEB959 /* ProfileHeaderView.swift in Sources */,
				718CDDE922A6793900C07C0E /* AppDelegate.swift in Sources */,
				AA8A4F2922B919A600922C14 /* FillButton.swift in Sources */,
				71AED15922A92CCE00A51BEB /* ADApi.swift in Sources */,
				718CDE5B22A6D5BA00C07C0E /* ViewModel.swift in Sources */,
				71B0982222B9112700502AEC /* RawImage.swift in Sources */,
				718CDE2822A6B67B00C07C0E /* Store.swift in Sources */,
				71B1E1EF22E8778C006211BA /* Notification+Names.swift in Sources */,
				AA6854DA22C2409000C58B53 /* APIRequestUser.swift in Sources */,
				719737A9236760CF00A57225 /* SignOutCell.swift in Sources */,
				718CDE6622A6DF3600C07C0E /* DateFormatter+Extensions.swift in Sources */,
				AA59EBF92328CF7A00F1FF80 /* ProfileEditCell.swift in Sources */,
				719737A72363526D00A57225 /* CDUpdateMonitor.swift in Sources */,
				718CDE5F22A6D7C300C07C0E /* AuthViewModel.swift in Sources */,
				71AED15E22A92DCB00A51BEB /* AuthRootViewController.swift in Sources */,
				71DE53D822FB11E100F2AAF7 /* AuthTextInputCell.swift in Sources */,
				718CDE2E22A6B75200C07C0E /* Store+Selectors.swift in Sources */,
				71678DB323FDA75A000E93A5 /* ShopViewModel.swift in Sources */,
				71CB7680239179E0002EF8E7 /* Environment.swift in Sources */,
				AA8A4F2B22B91C0A00922C14 /* BorderButton.swift in Sources */,
				711267472357C4840028C78D /* Optional+Unwrap.swift in Sources */,
				718CDE1D22A6B24B00C07C0E /* API.swift in Sources */,
				718CEDC122B2DA0B005CB60E /* HomeHorizontalCollectionCellLarge.swift in Sources */,
				71B1E20B22EB153D006211BA /* UIViewController+Overlays.swift in Sources */,
				718CDE2122A6B30000C07C0E /* APIRequest.swift in Sources */,
				AA6854DF22C3C99600C58B53 /* User.swift in Sources */,
				71AED14922A9266000A51BEB /* AD+CodingUserInfoKey.swift in Sources */,
				AA84C1D422FADE0E00E966BD /* ProfileButtonManager.swift in Sources */,
				71CB765A238D7BF5002EF8E7 /* CoreDataContext+CoreDataClass.swift in Sources */,
				AA12A3B422C5F24D00F157DD /* Defaults.swift in Sources */,
				71A854A822AAB72D00DD8374 /* APIRequestShop.swift in Sources */,
				718CDE3122A6B75200C07C0E /* AppState.swift in Sources */,
				718CDDEB22A6793900C07C0E /* HomeViewController.swift in Sources */,
				718CDE2222A6B30000C07C0E /* APIErrorResponse.swift in Sources */,
				AAAA8525234B359A008EEC8B /* ButtonCell.swift in Sources */,
				71239F8723FEAF680075A3BA /* DataItemProvider.swift in Sources */,
				7139CA37237B28F900592E70 /* ADActivitySpinner.swift in Sources */,
			);
			runOnlyForDeploymentPostprocessing = 0;
		};
		718CDDF722A6793A00C07C0E /* Sources */ = {
			isa = PBXSourcesBuildPhase;
			buildActionMask = 2147483647;
			files = (
				718CEDBC22AECF08005CB60E /* APIRequestAuth.swift in Sources */,
				714B2118230EFA5300F016F4 /* Defaults.swift in Sources */,
				714B20FA230EE54C00F016F4 /* APIRequestUser.swift in Sources */,
				718CDE7622A7D3D900C07C0E /* ADTestCase.swift in Sources */,
				71CB765D238D85C9002EF8E7 /* CoreDataContext+CoreDataClass.swift in Sources */,
				718CDE5622A6D27400C07C0E /* APIAuthTests.swift in Sources */,
				71AED14A22A927BB00A51BEB /* Shop+CoreDataClass.swift in Sources */,
				718CDE8822A829E000C07C0E /* ADModel.xcdatamodeld in Sources */,
				714B20FF230EF40E00F016F4 /* CreditCardTests.swift in Sources */,
				71AED15A22A92CE400A51BEB /* ADApi.swift in Sources */,
				718CDE0022A6793A00C07C0E /* ProjectTests.swift in Sources */,
				718CEDBA22AECEE5005CB60E /* APIRequestShop.swift in Sources */,
				718CDE3B22A6BD0100C07C0E /* Store.swift in Sources */,
				718CDE5A22A6D5BA00C07C0E /* ViewModel.swift in Sources */,
				718CDE6022A6D7C300C07C0E /* AuthViewModel.swift in Sources */,
				714B210F230EFA1100F016F4 /* Date+Extensions.swift in Sources */,
				716AAEBC22BCCE6100959396 /* CoreDataViewModel.swift in Sources */,
				71D1BB40237F150600A899E8 /* Optional+Unwrap.swift in Sources */,
				714B20FB230EE55B00F016F4 /* User.swift in Sources */,
				718CDE4122A6BD0100C07C0E /* APIErrorResponse.swift in Sources */,
				718CDE3722A6BD0100C07C0E /* AppState.swift in Sources */,
				718CDE4222A6BD0100C07C0E /* API.swift in Sources */,
				718CDE7822A7D4B500C07C0E /* APIVenueTests.swift in Sources */,
				718CDE4022A6BD0100C07C0E /* APIRequest.swift in Sources */,
				714B2123230EFAA400F016F4 /* Notification+Names.swift in Sources */,
				718CDE8222A8299100C07C0E /* ADPersistentContainer.swift in Sources */,
				71D1BB42237F152F00A899E8 /* CDUpdateMonitor.swift in Sources */,
				71B0982322B9112700502AEC /* RawImage.swift in Sources */,
				71D1BB44237F1DED00A899E8 /* DirectionsTest.swift in Sources */,
				714660D222C24996006E3ADE /* AnalyticsTests.swift in Sources */,
				718CDE3A22A6BD0100C07C0E /* Store+Selectors.swift in Sources */,
				71F1EC8E231978A200D9F759 /* TicketsTests.swift in Sources */,
				71AED14E22A928B000A51BEB /* AD+CodingUserInfoKey.swift in Sources */,
				718CDE6722A6DF3600C07C0E /* DateFormatter+Extensions.swift in Sources */,
			);
			runOnlyForDeploymentPostprocessing = 0;
		};
		718CDE0222A6793A00C07C0E /* Sources */ = {
			isa = PBXSourcesBuildPhase;
			buildActionMask = 2147483647;
			files = (
				714B2150230EFD2B00F016F4 /* PaymentTests.swift in Sources */,
			);
			runOnlyForDeploymentPostprocessing = 0;
		};
/* End PBXSourcesBuildPhase section */

/* Begin PBXTargetDependency section */
		718CDDFD22A6793A00C07C0E /* PBXTargetDependency */ = {
			isa = PBXTargetDependency;
			target = 718CDDE422A6793900C07C0E /* Project */;
			targetProxy = 718CDDFC22A6793A00C07C0E /* PBXContainerItemProxy */;
		};
		718CDE0822A6793A00C07C0E /* PBXTargetDependency */ = {
			isa = PBXTargetDependency;
			target = 718CDDE422A6793900C07C0E /* Project */;
			targetProxy = 718CDE0722A6793A00C07C0E /* PBXContainerItemProxy */;
		};
/* End PBXTargetDependency section */

/* Begin PBXVariantGroup section */
		718CDDEE22A6793900C07C0E /* Main.storyboard */ = {
			isa = PBXVariantGroup;
			children = (
				718CDDEF22A6793900C07C0E /* Base */,
			);
			name = Main.storyboard;
			sourceTree = "<group>";
		};
		718CDDF322A6793A00C07C0E /* LaunchScreen.storyboard */ = {
			isa = PBXVariantGroup;
			children = (
				718CDDF422A6793A00C07C0E /* Base */,
			);
			name = LaunchScreen.storyboard;
			sourceTree = "<group>";
		};
/* End PBXVariantGroup section */

/* Begin XCBuildConfiguration section */
		718CDE0D22A6793A00C07C0E /* Debug */ = {
			isa = XCBuildConfiguration;
			buildSettings = {
				ALWAYS_SEARCH_USER_PATHS = NO;
				CLANG_ANALYZER_NONNULL = YES;
				CLANG_ANALYZER_NUMBER_OBJECT_CONVERSION = YES_AGGRESSIVE;
				CLANG_CXX_LANGUAGE_STANDARD = "gnu++14";
				CLANG_CXX_LIBRARY = "libc++";
				CLANG_ENABLE_MODULES = YES;
				CLANG_ENABLE_OBJC_ARC = YES;
				CLANG_ENABLE_OBJC_WEAK = YES;
				CLANG_WARN_BLOCK_CAPTURE_AUTORELEASING = YES;
				CLANG_WARN_BOOL_CONVERSION = YES;
				CLANG_WARN_COMMA = YES;
				CLANG_WARN_CONSTANT_CONVERSION = YES;
				CLANG_WARN_DEPRECATED_OBJC_IMPLEMENTATIONS = YES;
				CLANG_WARN_DIRECT_OBJC_ISA_USAGE = YES_ERROR;
				CLANG_WARN_DOCUMENTATION_COMMENTS = YES;
				CLANG_WARN_EMPTY_BODY = YES;
				CLANG_WARN_ENUM_CONVERSION = YES;
				CLANG_WARN_INFINITE_RECURSION = YES;
				CLANG_WARN_INT_CONVERSION = YES;
				CLANG_WARN_NON_LITERAL_NULL_CONVERSION = YES;
				CLANG_WARN_OBJC_IMPLICIT_RETAIN_SELF = YES;
				CLANG_WARN_OBJC_LITERAL_CONVERSION = YES;
				CLANG_WARN_OBJC_ROOT_CLASS = YES_ERROR;
				CLANG_WARN_RANGE_LOOP_ANALYSIS = YES;
				CLANG_WARN_STRICT_PROTOTYPES = YES;
				CLANG_WARN_SUSPICIOUS_MOVE = YES;
				CLANG_WARN_UNGUARDED_AVAILABILITY = YES_AGGRESSIVE;
				CLANG_WARN_UNREACHABLE_CODE = YES;
				CLANG_WARN__DUPLICATE_METHOD_MATCH = YES;
				CODE_SIGN_IDENTITY = "iPhone Developer";
				COPY_PHASE_STRIP = NO;
				DEBUG_INFORMATION_FORMAT = dwarf;
				ENABLE_STRICT_OBJC_MSGSEND = YES;
				ENABLE_TESTABILITY = YES;
				GCC_C_LANGUAGE_STANDARD = gnu11;
				GCC_DYNAMIC_NO_PIC = NO;
				GCC_NO_COMMON_BLOCKS = YES;
				GCC_OPTIMIZATION_LEVEL = 0;
				GCC_PREPROCESSOR_DEFINITIONS = (
					"DEBUG=1",
					"$(inherited)",
				);
				GCC_WARN_64_TO_32_BIT_CONVERSION = YES;
				GCC_WARN_ABOUT_RETURN_TYPE = YES_ERROR;
				GCC_WARN_UNDECLARED_SELECTOR = YES;
				GCC_WARN_UNINITIALIZED_AUTOS = YES_AGGRESSIVE;
				GCC_WARN_UNUSED_FUNCTION = YES;
				GCC_WARN_UNUSED_VARIABLE = YES;
				IPHONEOS_DEPLOYMENT_TARGET = 12.0;
				MTL_ENABLE_DEBUG_INFO = INCLUDE_SOURCE;
				MTL_FAST_MATH = YES;
				ONLY_ACTIVE_ARCH = YES;
				SDKROOT = iphoneos;
				SWIFT_ACTIVE_COMPILATION_CONDITIONS = DEBUG;
				SWIFT_OPTIMIZATION_LEVEL = "-Onone";
			};
			name = Debug;
		};
		718CDE0E22A6793A00C07C0E /* Release */ = {
			isa = XCBuildConfiguration;
			buildSettings = {
				ALWAYS_SEARCH_USER_PATHS = NO;
				CLANG_ANALYZER_NONNULL = YES;
				CLANG_ANALYZER_NUMBER_OBJECT_CONVERSION = YES_AGGRESSIVE;
				CLANG_CXX_LANGUAGE_STANDARD = "gnu++14";
				CLANG_CXX_LIBRARY = "libc++";
				CLANG_ENABLE_MODULES = YES;
				CLANG_ENABLE_OBJC_ARC = YES;
				CLANG_ENABLE_OBJC_WEAK = YES;
				CLANG_WARN_BLOCK_CAPTURE_AUTORELEASING = YES;
				CLANG_WARN_BOOL_CONVERSION = YES;
				CLANG_WARN_COMMA = YES;
				CLANG_WARN_CONSTANT_CONVERSION = YES;
				CLANG_WARN_DEPRECATED_OBJC_IMPLEMENTATIONS = YES;
				CLANG_WARN_DIRECT_OBJC_ISA_USAGE = YES_ERROR;
				CLANG_WARN_DOCUMENTATION_COMMENTS = YES;
				CLANG_WARN_EMPTY_BODY = YES;
				CLANG_WARN_ENUM_CONVERSION = YES;
				CLANG_WARN_INFINITE_RECURSION = YES;
				CLANG_WARN_INT_CONVERSION = YES;
				CLANG_WARN_NON_LITERAL_NULL_CONVERSION = YES;
				CLANG_WARN_OBJC_IMPLICIT_RETAIN_SELF = YES;
				CLANG_WARN_OBJC_LITERAL_CONVERSION = YES;
				CLANG_WARN_OBJC_ROOT_CLASS = YES_ERROR;
				CLANG_WARN_RANGE_LOOP_ANALYSIS = YES;
				CLANG_WARN_STRICT_PROTOTYPES = YES;
				CLANG_WARN_SUSPICIOUS_MOVE = YES;
				CLANG_WARN_UNGUARDED_AVAILABILITY = YES_AGGRESSIVE;
				CLANG_WARN_UNREACHABLE_CODE = YES;
				CLANG_WARN__DUPLICATE_METHOD_MATCH = YES;
				CODE_SIGN_IDENTITY = "iPhone Developer";
				COPY_PHASE_STRIP = NO;
				DEBUG_INFORMATION_FORMAT = "dwarf-with-dsym";
				ENABLE_NS_ASSERTIONS = NO;
				ENABLE_STRICT_OBJC_MSGSEND = YES;
				GCC_C_LANGUAGE_STANDARD = gnu11;
				GCC_NO_COMMON_BLOCKS = YES;
				GCC_WARN_64_TO_32_BIT_CONVERSION = YES;
				GCC_WARN_ABOUT_RETURN_TYPE = YES_ERROR;
				GCC_WARN_UNDECLARED_SELECTOR = YES;
				GCC_WARN_UNINITIALIZED_AUTOS = YES_AGGRESSIVE;
				GCC_WARN_UNUSED_FUNCTION = YES;
				GCC_WARN_UNUSED_VARIABLE = YES;
				IPHONEOS_DEPLOYMENT_TARGET = 12.0;
				MTL_ENABLE_DEBUG_INFO = NO;
				MTL_FAST_MATH = YES;
				SDKROOT = iphoneos;
				SWIFT_COMPILATION_MODE = wholemodule;
				SWIFT_OPTIMIZATION_LEVEL = "-O";
				VALIDATE_PRODUCT = YES;
			};
			name = Release;
		};
		718CDE1022A6793A00C07C0E /* Debug */ = {
			isa = XCBuildConfiguration;
			baseConfigurationReference = 14E637EF3978D4406D6C5B54 /* Pods-Project.debug.xcconfig */;
			buildSettings = {
				ASSETCATALOG_COMPILER_APPICON_NAME = AppIcon;
				CODE_SIGN_ENTITLEMENTS = Project/Project.entitlements;
				CODE_SIGN_IDENTITY = "Apple Development";
				CODE_SIGN_STYLE = Automatic;
				CURRENT_PROJECT_VERSION = 1;
				DEBUG_INFORMATION_FORMAT = "dwarf-with-dsym";
				DEVELOPMENT_TEAM = S7Q8YJ6YQD;
				GCC_PREPROCESSOR_DEFINITIONS = (
					"$(inherited)",
					"COCOAPODS=1",
					"$(inherited)",
					"PB_FIELD_32BIT=1",
					"PB_NO_PACKED_STRUCTS=1",
					"PB_ENABLE_MALLOC=1",
				);
				GCC_PREPROCESSOR_DEFINITIONS_NOT_USED_IN_PRECOMPS = "";
				INFOPLIST_FILE = Project/Info.plist;
				LD_RUNPATH_SEARCH_PATHS = (
					"$(inherited)",
					"@executable_path/Frameworks",
				);
				MARKETING_VERSION = 1.0;
				OTHER_CFLAGS = "";
				OTHER_SWIFT_FLAGS = "$(inherited) -D COCOAPODS -D ADDEBUG";
				PRODUCT_BUNDLE_IDENTIFIER = "com.rekall.ios-app";
				PRODUCT_NAME = Project;
				PROVISIONING_PROFILE_SPECIFIER = "";
				SWIFT_VERSION = 5.0;
				TARGETED_DEVICE_FAMILY = 1;
			};
			name = Debug;
		};
		718CDE1122A6793A00C07C0E /* Release */ = {
			isa = XCBuildConfiguration;
			baseConfigurationReference = 5C21405E74A165847ECB8926 /* Pods-Project.release.xcconfig */;
			buildSettings = {
				ASSETCATALOG_COMPILER_APPICON_NAME = AppIcon;
				CODE_SIGN_ENTITLEMENTS = Project/Project.entitlements;
				CODE_SIGN_IDENTITY = "Apple Development";
				CODE_SIGN_STYLE = Automatic;
				CURRENT_PROJECT_VERSION = 1;
				DEVELOPMENT_TEAM = S7Q8YJ6YQD;
				INFOPLIST_FILE = Project/Info.plist;
				LD_RUNPATH_SEARCH_PATHS = (
					"$(inherited)",
					"@executable_path/Frameworks",
				);
				MARKETING_VERSION = 1.0;
				OTHER_CFLAGS = "";
				OTHER_SWIFT_FLAGS = "$(inherited) -D COCOAPODS -D ADRELEASE";
				PRODUCT_BUNDLE_IDENTIFIER = "com.rekall.ios-app";
				PRODUCT_NAME = Project;
				PROVISIONING_PROFILE_SPECIFIER = "";
				SWIFT_VERSION = 5.0;
				TARGETED_DEVICE_FAMILY = 1;
			};
			name = Release;
		};
		718CDE1322A6793A00C07C0E /* Debug */ = {
			isa = XCBuildConfiguration;
			baseConfigurationReference = 81E3E9FE04240E4B3E0828BF /* Pods-ProjectTests.debug.xcconfig */;
			buildSettings = {
				ALWAYS_EMBED_SWIFT_STANDARD_LIBRARIES = YES;
				BUNDLE_LOADER = "$(TEST_HOST)";
				CODE_SIGN_STYLE = Automatic;
				INFOPLIST_FILE = ProjectTests/Info.plist;
				LD_RUNPATH_SEARCH_PATHS = (
					"$(inherited)",
					"@executable_path/Frameworks",
					"@loader_path/Frameworks",
				);
				PRODUCT_BUNDLE_IDENTIFIER = com.rekall.ProjectTests;
				PRODUCT_NAME = "$(TARGET_NAME)";
				SWIFT_VERSION = 5.0;
				TARGETED_DEVICE_FAMILY = "1,2";
				TEST_HOST = "$(BUILT_PRODUCTS_DIR)/Project.app/Project";
			};
			name = Debug;
		};
		718CDE1422A6793A00C07C0E /* Release */ = {
			isa = XCBuildConfiguration;
			baseConfigurationReference = 4AAC1806F0979889CDC0225E /* Pods-ProjectTests.release.xcconfig */;
			buildSettings = {
				ALWAYS_EMBED_SWIFT_STANDARD_LIBRARIES = YES;
				BUNDLE_LOADER = "$(TEST_HOST)";
				CODE_SIGN_STYLE = Automatic;
				INFOPLIST_FILE = ProjectTests/Info.plist;
				LD_RUNPATH_SEARCH_PATHS = (
					"$(inherited)",
					"@executable_path/Frameworks",
					"@loader_path/Frameworks",
				);
				PRODUCT_BUNDLE_IDENTIFIER = com.rekall.ProjectTests;
				PRODUCT_NAME = "$(TARGET_NAME)";
				SWIFT_VERSION = 5.0;
				TARGETED_DEVICE_FAMILY = "1,2";
				TEST_HOST = "$(BUILT_PRODUCTS_DIR)/Project.app/Project";
			};
			name = Release;
		};
		718CDE1622A6793A00C07C0E /* Debug */ = {
			isa = XCBuildConfiguration;
			baseConfigurationReference = EB066B58D0CA7BF2255AC595 /* Pods-Project-ProjectUITests.debug.xcconfig */;
			buildSettings = {
				ALWAYS_EMBED_SWIFT_STANDARD_LIBRARIES = YES;
				CODE_SIGN_STYLE = Automatic;
				INFOPLIST_FILE = ProjectUITests/Info.plist;
				LD_RUNPATH_SEARCH_PATHS = (
					"$(inherited)",
					"@executable_path/Frameworks",
					"@loader_path/Frameworks",
				);
				PRODUCT_BUNDLE_IDENTIFIER = com.rekall.ProjectUITests;
				PRODUCT_NAME = "$(TARGET_NAME)";
				SWIFT_VERSION = 5.0;
				TARGETED_DEVICE_FAMILY = "1,2";
				TEST_TARGET_NAME = Project;
			};
			name = Debug;
		};
		718CDE1722A6793A00C07C0E /* Release */ = {
			isa = XCBuildConfiguration;
			baseConfigurationReference = F0D1F2DA8A9AAE77715E2C3A /* Pods-Project-ProjectUITests.release.xcconfig */;
			buildSettings = {
				ALWAYS_EMBED_SWIFT_STANDARD_LIBRARIES = YES;
				CODE_SIGN_STYLE = Automatic;
				INFOPLIST_FILE = ProjectUITests/Info.plist;
				LD_RUNPATH_SEARCH_PATHS = (
					"$(inherited)",
					"@executable_path/Frameworks",
					"@loader_path/Frameworks",
				);
				PRODUCT_BUNDLE_IDENTIFIER = com.rekall.ProjectUITests;
				PRODUCT_NAME = "$(TARGET_NAME)";
				SWIFT_VERSION = 5.0;
				TARGETED_DEVICE_FAMILY = "1,2";
				TEST_TARGET_NAME = Project;
			};
			name = Release;
		};
		AABB68F02306C9FC003A8B53 /* Staging */ = {
			isa = XCBuildConfiguration;
			buildSettings = {
				ALWAYS_SEARCH_USER_PATHS = NO;
				CLANG_ANALYZER_NONNULL = YES;
				CLANG_ANALYZER_NUMBER_OBJECT_CONVERSION = YES_AGGRESSIVE;
				CLANG_CXX_LANGUAGE_STANDARD = "gnu++14";
				CLANG_CXX_LIBRARY = "libc++";
				CLANG_ENABLE_MODULES = YES;
				CLANG_ENABLE_OBJC_ARC = YES;
				CLANG_ENABLE_OBJC_WEAK = YES;
				CLANG_WARN_BLOCK_CAPTURE_AUTORELEASING = YES;
				CLANG_WARN_BOOL_CONVERSION = YES;
				CLANG_WARN_COMMA = YES;
				CLANG_WARN_CONSTANT_CONVERSION = YES;
				CLANG_WARN_DEPRECATED_OBJC_IMPLEMENTATIONS = YES;
				CLANG_WARN_DIRECT_OBJC_ISA_USAGE = YES_ERROR;
				CLANG_WARN_DOCUMENTATION_COMMENTS = YES;
				CLANG_WARN_EMPTY_BODY = YES;
				CLANG_WARN_ENUM_CONVERSION = YES;
				CLANG_WARN_INFINITE_RECURSION = YES;
				CLANG_WARN_INT_CONVERSION = YES;
				CLANG_WARN_NON_LITERAL_NULL_CONVERSION = YES;
				CLANG_WARN_OBJC_IMPLICIT_RETAIN_SELF = YES;
				CLANG_WARN_OBJC_LITERAL_CONVERSION = YES;
				CLANG_WARN_OBJC_ROOT_CLASS = YES_ERROR;
				CLANG_WARN_RANGE_LOOP_ANALYSIS = YES;
				CLANG_WARN_STRICT_PROTOTYPES = YES;
				CLANG_WARN_SUSPICIOUS_MOVE = YES;
				CLANG_WARN_UNGUARDED_AVAILABILITY = YES_AGGRESSIVE;
				CLANG_WARN_UNREACHABLE_CODE = YES;
				CLANG_WARN__DUPLICATE_METHOD_MATCH = YES;
				CODE_SIGN_IDENTITY = "iPhone Developer";
				COPY_PHASE_STRIP = NO;
				DEBUG_INFORMATION_FORMAT = dwarf;
				ENABLE_STRICT_OBJC_MSGSEND = YES;
				ENABLE_TESTABILITY = YES;
				GCC_C_LANGUAGE_STANDARD = gnu11;
				GCC_DYNAMIC_NO_PIC = NO;
				GCC_NO_COMMON_BLOCKS = YES;
				GCC_OPTIMIZATION_LEVEL = 0;
				GCC_PREPROCESSOR_DEFINITIONS = (
					"DEBUG=1",
					"$(inherited)",
				);
				GCC_WARN_64_TO_32_BIT_CONVERSION = YES;
				GCC_WARN_ABOUT_RETURN_TYPE = YES_ERROR;
				GCC_WARN_UNDECLARED_SELECTOR = YES;
				GCC_WARN_UNINITIALIZED_AUTOS = YES_AGGRESSIVE;
				GCC_WARN_UNUSED_FUNCTION = YES;
				GCC_WARN_UNUSED_VARIABLE = YES;
				IPHONEOS_DEPLOYMENT_TARGET = 12.0;
				MTL_ENABLE_DEBUG_INFO = INCLUDE_SOURCE;
				MTL_FAST_MATH = YES;
				ONLY_ACTIVE_ARCH = YES;
				SDKROOT = iphoneos;
				SWIFT_ACTIVE_COMPILATION_CONDITIONS = DEBUG;
				SWIFT_OPTIMIZATION_LEVEL = "-Onone";
			};
			name = Staging;
		};
		AABB68F12306C9FC003A8B53 /* Staging */ = {
			isa = XCBuildConfiguration;
			baseConfigurationReference = 78366420647C30AC9081E3CE /* Pods-Project.staging.xcconfig */;
			buildSettings = {
				ASSETCATALOG_COMPILER_APPICON_NAME = AppIcon;
				CODE_SIGN_ENTITLEMENTS = Project/Project.entitlements;
				CODE_SIGN_IDENTITY = "Apple Development";
				CODE_SIGN_STYLE = Automatic;
				CURRENT_PROJECT_VERSION = 1;
				DEBUG_INFORMATION_FORMAT = "dwarf-with-dsym";
				DEVELOPMENT_TEAM = S7Q8YJ6YQD;
				INFOPLIST_FILE = Project/Info.plist;
				LD_RUNPATH_SEARCH_PATHS = (
					"$(inherited)",
					"@executable_path/Frameworks",
				);
				MARKETING_VERSION = 1.0;
				OTHER_CFLAGS = "";
				OTHER_SWIFT_FLAGS = "$(inherited) -D COCOAPODS -D ADSTAGING";
				PRODUCT_BUNDLE_IDENTIFIER = "com.rekall.ios-app";
				PRODUCT_NAME = Project;
				PROVISIONING_PROFILE_SPECIFIER = "";
				SWIFT_VERSION = 5.0;
				TARGETED_DEVICE_FAMILY = 1;
			};
			name = Staging;
		};
		AABB68F22306C9FC003A8B53 /* Staging */ = {
			isa = XCBuildConfiguration;
			baseConfigurationReference = B9AA161183F7AB4813ADC110 /* Pods-ProjectTests.staging.xcconfig */;
			buildSettings = {
				ALWAYS_EMBED_SWIFT_STANDARD_LIBRARIES = YES;
				BUNDLE_LOADER = "$(TEST_HOST)";
				CODE_SIGN_STYLE = Automatic;
				INFOPLIST_FILE = ProjectTests/Info.plist;
				LD_RUNPATH_SEARCH_PATHS = (
					"$(inherited)",
					"@executable_path/Frameworks",
					"@loader_path/Frameworks",
				);
				PRODUCT_BUNDLE_IDENTIFIER = com.rekall.ProjectTests;
				PRODUCT_NAME = "$(TARGET_NAME)";
				SWIFT_VERSION = 5.0;
				TARGETED_DEVICE_FAMILY = "1,2";
				TEST_HOST = "$(BUILT_PRODUCTS_DIR)/Project.app/Project";
			};
			name = Staging;
		};
		AABB68F32306C9FC003A8B53 /* Staging */ = {
			isa = XCBuildConfiguration;
			baseConfigurationReference = 882E84687916F2D3B66F0465 /* Pods-Project-ProjectUITests.staging.xcconfig */;
			buildSettings = {
				ALWAYS_EMBED_SWIFT_STANDARD_LIBRARIES = YES;
				CODE_SIGN_STYLE = Automatic;
				INFOPLIST_FILE = ProjectUITests/Info.plist;
				LD_RUNPATH_SEARCH_PATHS = (
					"$(inherited)",
					"@executable_path/Frameworks",
					"@loader_path/Frameworks",
				);
				PRODUCT_BUNDLE_IDENTIFIER = com.rekall.ProjectUITests;
				PRODUCT_NAME = "$(TARGET_NAME)";
				SWIFT_VERSION = 5.0;
				TARGETED_DEVICE_FAMILY = "1,2";
				TEST_TARGET_NAME = Project;
			};
			name = Staging;
		};
/* End XCBuildConfiguration section */

/* Begin XCConfigurationList section */
		718CDDE022A6793900C07C0E /* Build configuration list for PBXProject "Project" */ = {
			isa = XCConfigurationList;
			buildConfigurations = (
				718CDE0D22A6793A00C07C0E /* Debug */,
				AABB68F02306C9FC003A8B53 /* Staging */,
				718CDE0E22A6793A00C07C0E /* Release */,
			);
			defaultConfigurationIsVisible = 0;
			defaultConfigurationName = Release;
		};
		718CDE0F22A6793A00C07C0E /* Build configuration list for PBXNativeTarget "Project" */ = {
			isa = XCConfigurationList;
			buildConfigurations = (
				718CDE1022A6793A00C07C0E /* Debug */,
				AABB68F12306C9FC003A8B53 /* Staging */,
				718CDE1122A6793A00C07C0E /* Release */,
			);
			defaultConfigurationIsVisible = 0;
			defaultConfigurationName = Release;
		};
		718CDE1222A6793A00C07C0E /* Build configuration list for PBXNativeTarget "ProjectTests" */ = {
			isa = XCConfigurationList;
			buildConfigurations = (
				718CDE1322A6793A00C07C0E /* Debug */,
				AABB68F22306C9FC003A8B53 /* Staging */,
				718CDE1422A6793A00C07C0E /* Release */,
			);
			defaultConfigurationIsVisible = 0;
			defaultConfigurationName = Release;
		};
		718CDE1522A6793A00C07C0E /* Build configuration list for PBXNativeTarget "ProjectUITests" */ = {
			isa = XCConfigurationList;
			buildConfigurations = (
				718CDE1622A6793A00C07C0E /* Debug */,
				AABB68F32306C9FC003A8B53 /* Staging */,
				718CDE1722A6793A00C07C0E /* Release */,
			);
			defaultConfigurationIsVisible = 0;
			defaultConfigurationName = Release;
		};
/* End XCConfigurationList section */

/* Begin XCVersionGroup section */
		718CDE8522A829E000C07C0E /* ADModel.xcdatamodeld */ = {
			isa = XCVersionGroup;
			children = (
				718CDE8622A829E000C07C0E /* ADModel.xcdatamodel */,
			);
			currentVersion = 718CDE8622A829E000C07C0E /* ADModel.xcdatamodel */;
			path = ADModel.xcdatamodeld;
			sourceTree = "<group>";
			versionGroupType = wrapper.xcdatamodel;
		};
/* End XCVersionGroup section */
	};
	rootObject = 718CDDDD22A6793900C07C0E /* Project object */;
}
